// !$*UTF8*$!
{
	archiveVersion = 1;
	classes = {
	};
	objectVersion = 56;
	objects = {

/* Begin PBXBuildFile section */
		5721D6C228F1E5A000148391 /* AddDefaultRepos.swift in Sources */ = {isa = PBXBuildFile; fileRef = 5721D6C128F1E5A000148391 /* AddDefaultRepos.swift */; };
		5721D6C428F1E78D00148391 /* DefaultRepoCell.swift in Sources */ = {isa = PBXBuildFile; fileRef = 5721D6C328F1E78D00148391 /* DefaultRepoCell.swift */; };
		5783B54928ECBA9000CFF460 /* KeyboardViewController.swift in Sources */ = {isa = PBXBuildFile; fileRef = 5783B54828ECBA9000CFF460 /* KeyboardViewController.swift */; };
		5783B54D28ECBA9000CFF460 /* Keyboard.appex in Embed Foundation Extensions */ = {isa = PBXBuildFile; fileRef = 5783B54628ECBA9000CFF460 /* Keyboard.appex */; settings = {ATTRIBUTES = (RemoveHeadersOnCopy, ); }; };
		5783B55228ECCDDA00CFF460 /* KeyboardView.swift in Sources */ = {isa = PBXBuildFile; fileRef = 5783B55128ECCDDA00CFF460 /* KeyboardView.swift */; };
		5783B55428ECD8B300CFF460 /* SDWebImageSwiftUI in Frameworks */ = {isa = PBXBuildFile; productRef = 5783B55328ECD8B300CFF460 /* SDWebImageSwiftUI */; };
		57A34C4928F2331A00383807 /* Assets.xcassets in Resources */ = {isa = PBXBuildFile; fileRef = AAD5D80928EEC7D900FF08DA /* Assets.xcassets */; };
		57A34C4A28F2331F00383807 /* Assets.xcassets in Resources */ = {isa = PBXBuildFile; fileRef = AAD5D80928EEC7D900FF08DA /* Assets.xcassets */; };
		AA431D7628EEEBB00066EBC4 /* RepositoryManager.swift in Sources */ = {isa = PBXBuildFile; fileRef = AA9F08A428E58C020098040D /* RepositoryManager.swift */; };
		AA431D7728EEEBB00066EBC4 /* Constants.swift in Sources */ = {isa = PBXBuildFile; fileRef = AA9F08A628E58D490098040D /* Constants.swift */; };
		AA6250BC28EB047200C7030E /* SDWebImageWebPCoder in Frameworks */ = {isa = PBXBuildFile; productRef = AA6250BB28EB047200C7030E /* SDWebImageWebPCoder */; };
		AA6250BE28EB088B00C7030E /* Test Data.swift in Sources */ = {isa = PBXBuildFile; fileRef = AA6250BD28EB088B00C7030E /* Test Data.swift */; };
		AA9F089428E58B450098040D /* NitrolessApp.swift in Sources */ = {isa = PBXBuildFile; fileRef = AA9F089328E58B450098040D /* NitrolessApp.swift */; };
		AA9F089628E58B450098040D /* ContentView.swift in Sources */ = {isa = PBXBuildFile; fileRef = AA9F089528E58B450098040D /* ContentView.swift */; };
		AA9F08A528E58C020098040D /* RepositoryManager.swift in Sources */ = {isa = PBXBuildFile; fileRef = AA9F08A428E58C020098040D /* RepositoryManager.swift */; };
		AA9F08A728E58D490098040D /* Constants.swift in Sources */ = {isa = PBXBuildFile; fileRef = AA9F08A628E58D490098040D /* Constants.swift */; };
		AA9F08AA28E5A6360098040D /* SDWebImageSwiftUI in Frameworks */ = {isa = PBXBuildFile; productRef = AA9F08A928E5A6360098040D /* SDWebImageSwiftUI */; };
		AA9F08AC28E5A8360098040D /* RepoView.swift in Sources */ = {isa = PBXBuildFile; fileRef = AA9F08AB28E5A8360098040D /* RepoView.swift */; };
		AAD030A228EB155E0040718F /* AlertToast in Frameworks */ = {isa = PBXBuildFile; productRef = AAD030A128EB155E0040718F /* AlertToast */; };
/* End PBXBuildFile section */

/* Begin PBXContainerItemProxy section */
		5783B54B28ECBA9000CFF460 /* PBXContainerItemProxy */ = {
			isa = PBXContainerItemProxy;
			containerPortal = AA9F088828E58B450098040D /* Project object */;
			proxyType = 1;
			remoteGlobalIDString = 5783B54528ECBA9000CFF460;
			remoteInfo = Keyboard;
		};
/* End PBXContainerItemProxy section */

/* Begin PBXCopyFilesBuildPhase section */
		576EB22F28EC8B45005F3D73 /* Embed Foundation Extensions */ = {
			isa = PBXCopyFilesBuildPhase;
			buildActionMask = 2147483647;
			dstPath = "";
			dstSubfolderSpec = 13;
			files = (
				5783B54D28ECBA9000CFF460 /* Keyboard.appex in Embed Foundation Extensions */,
			);
			name = "Embed Foundation Extensions";
			runOnlyForDeploymentPostprocessing = 0;
		};
/* End PBXCopyFilesBuildPhase section */

/* Begin PBXFileReference section */
		5721D6C128F1E5A000148391 /* AddDefaultRepos.swift */ = {isa = PBXFileReference; lastKnownFileType = sourcecode.swift; path = AddDefaultRepos.swift; sourceTree = "<group>"; };
		5721D6C328F1E78D00148391 /* DefaultRepoCell.swift */ = {isa = PBXFileReference; lastKnownFileType = sourcecode.swift; path = DefaultRepoCell.swift; sourceTree = "<group>"; };
		5783B54628ECBA9000CFF460 /* Keyboard.appex */ = {isa = PBXFileReference; explicitFileType = "wrapper.app-extension"; includeInIndex = 0; path = Keyboard.appex; sourceTree = BUILT_PRODUCTS_DIR; };
		5783B54828ECBA9000CFF460 /* KeyboardViewController.swift */ = {isa = PBXFileReference; lastKnownFileType = sourcecode.swift; path = KeyboardViewController.swift; sourceTree = "<group>"; };
		5783B54A28ECBA9000CFF460 /* Info.plist */ = {isa = PBXFileReference; lastKnownFileType = text.plist.xml; path = Info.plist; sourceTree = "<group>"; };
		5783B55128ECCDDA00CFF460 /* KeyboardView.swift */ = {isa = PBXFileReference; lastKnownFileType = sourcecode.swift; path = KeyboardView.swift; sourceTree = "<group>"; };
		AA6250B828E911C100C7030E /* Nitroless.entitlements */ = {isa = PBXFileReference; lastKnownFileType = text.plist.entitlements; path = Nitroless.entitlements; sourceTree = "<group>"; };
		AA6250B928E9141500C7030E /* Info.plist */ = {isa = PBXFileReference; lastKnownFileType = text.plist; path = Info.plist; sourceTree = "<group>"; };
		AA6250BD28EB088B00C7030E /* Test Data.swift */ = {isa = PBXFileReference; lastKnownFileType = sourcecode.swift; path = "Test Data.swift"; sourceTree = "<group>"; };
		AA9F089028E58B450098040D /* Nitroless iOS.app */ = {isa = PBXFileReference; explicitFileType = wrapper.application; includeInIndex = 0; path = "Nitroless iOS.app"; sourceTree = BUILT_PRODUCTS_DIR; };
		AA9F089328E58B450098040D /* NitrolessApp.swift */ = {isa = PBXFileReference; lastKnownFileType = sourcecode.swift; path = NitrolessApp.swift; sourceTree = "<group>"; };
		AA9F089528E58B450098040D /* ContentView.swift */ = {isa = PBXFileReference; lastKnownFileType = sourcecode.swift; path = ContentView.swift; sourceTree = "<group>"; };
		AA9F08A428E58C020098040D /* RepositoryManager.swift */ = {isa = PBXFileReference; lastKnownFileType = sourcecode.swift; path = RepositoryManager.swift; sourceTree = "<group>"; };
		AA9F08A628E58D490098040D /* Constants.swift */ = {isa = PBXFileReference; lastKnownFileType = sourcecode.swift; path = Constants.swift; sourceTree = "<group>"; };
		AA9F08AB28E5A8360098040D /* RepoView.swift */ = {isa = PBXFileReference; lastKnownFileType = sourcecode.swift; path = RepoView.swift; sourceTree = "<group>"; };
		AAD5D80928EEC7D900FF08DA /* Assets.xcassets */ = {isa = PBXFileReference; lastKnownFileType = folder.assetcatalog; path = Assets.xcassets; sourceTree = "<group>"; };
/* End PBXFileReference section */

/* Begin PBXFrameworksBuildPhase section */
		5783B54328ECBA9000CFF460 /* Frameworks */ = {
			isa = PBXFrameworksBuildPhase;
			buildActionMask = 2147483647;
			files = (
				5783B55428ECD8B300CFF460 /* SDWebImageSwiftUI in Frameworks */,
			);
			runOnlyForDeploymentPostprocessing = 0;
		};
		AA9F088D28E58B450098040D /* Frameworks */ = {
			isa = PBXFrameworksBuildPhase;
			buildActionMask = 2147483647;
			files = (
				AAD030A228EB155E0040718F /* AlertToast in Frameworks */,
				AA6250BC28EB047200C7030E /* SDWebImageWebPCoder in Frameworks */,
				AA9F08AA28E5A6360098040D /* SDWebImageSwiftUI in Frameworks */,
			);
			runOnlyForDeploymentPostprocessing = 0;
		};
/* End PBXFrameworksBuildPhase section */

/* Begin PBXGroup section */
		5721D6BF28F1E56400148391 /* Views */ = {
			isa = PBXGroup;
			children = (
				AA9F089528E58B450098040D /* ContentView.swift */,
				5721D6C028F1E57A00148391 /* Default Repos */,
			);
			path = Views;
			sourceTree = "<group>";
		};
		5721D6C028F1E57A00148391 /* Default Repos */ = {
			isa = PBXGroup;
			children = (
				5721D6C128F1E5A000148391 /* AddDefaultRepos.swift */,
				5721D6C328F1E78D00148391 /* DefaultRepoCell.swift */,
			);
			path = "Default Repos";
			sourceTree = "<group>";
		};
		5783B54728ECBA9000CFF460 /* Keyboard */ = {
			isa = PBXGroup;
			children = (
				5783B54828ECBA9000CFF460 /* KeyboardViewController.swift */,
				5783B55128ECCDDA00CFF460 /* KeyboardView.swift */,
				5783B54A28ECBA9000CFF460 /* Info.plist */,
			);
			path = Keyboard;
			sourceTree = "<group>";
		};
		57F906E228EB3C8D001640BB /* Frameworks */ = {
			isa = PBXGroup;
			children = (
			);
			name = Frameworks;
			sourceTree = "<group>";
		};
		AA431D7A28EEEBB90066EBC4 /* Shared */ = {
			isa = PBXGroup;
			children = (
				AAD5D80928EEC7D900FF08DA /* Assets.xcassets */,
				AA9F08A128E58BA60098040D /* Utilities */,
			);
			path = Shared;
			sourceTree = "<group>";
		};
		AA9F088728E58B450098040D = {
			isa = PBXGroup;
			children = (
				AA431D7A28EEEBB90066EBC4 /* Shared */,
				5783B54728ECBA9000CFF460 /* Keyboard */,
				AA9F089228E58B450098040D /* Nitroless iOS */,
				AA9F089128E58B450098040D /* Products */,
				57F906E228EB3C8D001640BB /* Frameworks */,
			);
			sourceTree = "<group>";
		};
		AA9F089128E58B450098040D /* Products */ = {
			isa = PBXGroup;
			children = (
				AA9F089028E58B450098040D /* Nitroless iOS.app */,
				5783B54628ECBA9000CFF460 /* Keyboard.appex */,
			);
			name = Products;
			sourceTree = "<group>";
		};
		AA9F089228E58B450098040D /* Nitroless iOS */ = {
			isa = PBXGroup;
			children = (
				AA6250B928E9141500C7030E /* Info.plist */,
				AA6250B828E911C100C7030E /* Nitroless.entitlements */,
				AA9F089328E58B450098040D /* NitrolessApp.swift */,
				5721D6BF28F1E56400148391 /* Views */,
				AA9F08AB28E5A8360098040D /* RepoView.swift */,
				AA6250BD28EB088B00C7030E /* Test Data.swift */,
			);
			path = "Nitroless iOS";
			sourceTree = "<group>";
		};
		AA9F08A128E58BA60098040D /* Utilities */ = {
			isa = PBXGroup;
			children = (
				AA9F08A628E58D490098040D /* Constants.swift */,
				AA9F08A428E58C020098040D /* RepositoryManager.swift */,
			);
			path = Utilities;
			sourceTree = "<group>";
		};
/* End PBXGroup section */

/* Begin PBXNativeTarget section */
		5783B54528ECBA9000CFF460 /* Keyboard */ = {
			isa = PBXNativeTarget;
			buildConfigurationList = 5783B54E28ECBA9000CFF460 /* Build configuration list for PBXNativeTarget "Keyboard" */;
			buildPhases = (
				5783B54228ECBA9000CFF460 /* Sources */,
				5783B54328ECBA9000CFF460 /* Frameworks */,
				5783B54428ECBA9000CFF460 /* Resources */,
			);
			buildRules = (
			);
			dependencies = (
			);
			name = Keyboard;
			packageProductDependencies = (
				5783B55328ECD8B300CFF460 /* SDWebImageSwiftUI */,
			);
			productName = Keyboard;
			productReference = 5783B54628ECBA9000CFF460 /* Keyboard.appex */;
			productType = "com.apple.product-type.app-extension";
		};
		AA9F088F28E58B450098040D /* Nitroless iOS */ = {
			isa = PBXNativeTarget;
			buildConfigurationList = AA9F089E28E58B470098040D /* Build configuration list for PBXNativeTarget "Nitroless iOS" */;
			buildPhases = (
				AA9F088C28E58B450098040D /* Sources */,
				AA9F088D28E58B450098040D /* Frameworks */,
				AA9F088E28E58B450098040D /* Resources */,
				576EB22F28EC8B45005F3D73 /* Embed Foundation Extensions */,
			);
			buildRules = (
			);
			dependencies = (
				5783B54C28ECBA9000CFF460 /* PBXTargetDependency */,
			);
			name = "Nitroless iOS";
			packageProductDependencies = (
				AA9F08A928E5A6360098040D /* SDWebImageSwiftUI */,
				AA6250BB28EB047200C7030E /* SDWebImageWebPCoder */,
				AAD030A128EB155E0040718F /* AlertToast */,
			);
			productName = Nitroless;
			productReference = AA9F089028E58B450098040D /* Nitroless iOS.app */;
			productType = "com.apple.product-type.application";
		};
/* End PBXNativeTarget section */

/* Begin PBXProject section */
		AA9F088828E58B450098040D /* Project object */ = {
			isa = PBXProject;
			attributes = {
				BuildIndependentTargetsInParallel = 1;
				LastSwiftUpdateCheck = 1410;
				LastUpgradeCheck = 1410;
				TargetAttributes = {
					5783B54528ECBA9000CFF460 = {
						CreatedOnToolsVersion = 14.1;
					};
					AA9F088F28E58B450098040D = {
						CreatedOnToolsVersion = 14.1;
					};
				};
			};
			buildConfigurationList = AA9F088B28E58B450098040D /* Build configuration list for PBXProject "Nitroless" */;
			compatibilityVersion = "Xcode 14.0";
			developmentRegion = en;
			hasScannedForEncodings = 0;
			knownRegions = (
				en,
				Base,
			);
			mainGroup = AA9F088728E58B450098040D;
			packageReferences = (
				AA9F08A828E5A6360098040D /* XCRemoteSwiftPackageReference "SDWebImageSwiftUI" */,
				AA6250BA28EB047200C7030E /* XCRemoteSwiftPackageReference "SDWebImageWebPCoder" */,
				AAD030A028EB155D0040718F /* XCRemoteSwiftPackageReference "AlertToast" */,
			);
			productRefGroup = AA9F089128E58B450098040D /* Products */;
			projectDirPath = "";
			projectRoot = "";
			targets = (
				AA9F088F28E58B450098040D /* Nitroless iOS */,
				5783B54528ECBA9000CFF460 /* Keyboard */,
			);
		};
/* End PBXProject section */

/* Begin PBXResourcesBuildPhase section */
		5783B54428ECBA9000CFF460 /* Resources */ = {
			isa = PBXResourcesBuildPhase;
			buildActionMask = 2147483647;
			files = (
				57A34C4A28F2331F00383807 /* Assets.xcassets in Resources */,
			);
			runOnlyForDeploymentPostprocessing = 0;
		};
		AA9F088E28E58B450098040D /* Resources */ = {
			isa = PBXResourcesBuildPhase;
			buildActionMask = 2147483647;
			files = (
				57A34C4928F2331A00383807 /* Assets.xcassets in Resources */,
			);
			runOnlyForDeploymentPostprocessing = 0;
		};
/* End PBXResourcesBuildPhase section */

/* Begin PBXSourcesBuildPhase section */
		5783B54228ECBA9000CFF460 /* Sources */ = {
			isa = PBXSourcesBuildPhase;
			buildActionMask = 2147483647;
			files = (
				AA431D7628EEEBB00066EBC4 /* RepositoryManager.swift in Sources */,
				5783B54928ECBA9000CFF460 /* KeyboardViewController.swift in Sources */,
				5783B55228ECCDDA00CFF460 /* KeyboardView.swift in Sources */,
				AA431D7728EEEBB00066EBC4 /* Constants.swift in Sources */,
			);
			runOnlyForDeploymentPostprocessing = 0;
		};
		AA9F088C28E58B450098040D /* Sources */ = {
			isa = PBXSourcesBuildPhase;
			buildActionMask = 2147483647;
			files = (
				AA6250BE28EB088B00C7030E /* Test Data.swift in Sources */,
				5721D6C228F1E5A000148391 /* AddDefaultRepos.swift in Sources */,
				AA9F08A528E58C020098040D /* RepositoryManager.swift in Sources */,
				5721D6C428F1E78D00148391 /* DefaultRepoCell.swift in Sources */,
				AA9F089628E58B450098040D /* ContentView.swift in Sources */,
				AA9F089428E58B450098040D /* NitrolessApp.swift in Sources */,
				AA9F08A728E58D490098040D /* Constants.swift in Sources */,
				AA9F08AC28E5A8360098040D /* RepoView.swift in Sources */,
			);
			runOnlyForDeploymentPostprocessing = 0;
		};
/* End PBXSourcesBuildPhase section */

/* Begin PBXTargetDependency section */
		5783B54C28ECBA9000CFF460 /* PBXTargetDependency */ = {
			isa = PBXTargetDependency;
			target = 5783B54528ECBA9000CFF460 /* Keyboard */;
			targetProxy = 5783B54B28ECBA9000CFF460 /* PBXContainerItemProxy */;
		};
/* End PBXTargetDependency section */

/* Begin XCBuildConfiguration section */
		5783B54F28ECBA9000CFF460 /* Debug */ = {
			isa = XCBuildConfiguration;
			buildSettings = {
				CODE_SIGN_STYLE = Automatic;
				CURRENT_PROJECT_VERSION = 1;
				DEVELOPMENT_TEAM = 566RT33SA2;
				GENERATE_INFOPLIST_FILE = YES;
				INFOPLIST_FILE = Keyboard/Info.plist;
				INFOPLIST_KEY_CFBundleDisplayName = Keyboard;
				INFOPLIST_KEY_NSHumanReadableCopyright = "";
				IPHONEOS_DEPLOYMENT_TARGET = 16.0;
				LD_RUNPATH_SEARCH_PATHS = (
					"$(inherited)",
					"@executable_path/Frameworks",
					"@executable_path/../../Frameworks",
				);
				MARKETING_VERSION = 1.0;
				PRODUCT_BUNDLE_IDENTIFIER = com.llsc12.Nitroless.Keyboard;
				PRODUCT_NAME = "$(TARGET_NAME)";
				SKIP_INSTALL = YES;
				SWIFT_EMIT_LOC_STRINGS = YES;
				SWIFT_VERSION = 5.0;
				TARGETED_DEVICE_FAMILY = "1,2";
			};
			name = Debug;
		};
		5783B55028ECBA9000CFF460 /* Release */ = {
			isa = XCBuildConfiguration;
			buildSettings = {
				CODE_SIGN_STYLE = Automatic;
				CURRENT_PROJECT_VERSION = 1;
				DEVELOPMENT_TEAM = 566RT33SA2;
				GENERATE_INFOPLIST_FILE = YES;
				INFOPLIST_FILE = Keyboard/Info.plist;
				INFOPLIST_KEY_CFBundleDisplayName = Keyboard;
				INFOPLIST_KEY_NSHumanReadableCopyright = "";
				IPHONEOS_DEPLOYMENT_TARGET = 16.0;
				LD_RUNPATH_SEARCH_PATHS = (
					"$(inherited)",
					"@executable_path/Frameworks",
					"@executable_path/../../Frameworks",
				);
				MARKETING_VERSION = 1.0;
				PRODUCT_BUNDLE_IDENTIFIER = com.llsc12.Nitroless.Keyboard;
				PRODUCT_NAME = "$(TARGET_NAME)";
				SKIP_INSTALL = YES;
				SWIFT_EMIT_LOC_STRINGS = YES;
				SWIFT_VERSION = 5.0;
				TARGETED_DEVICE_FAMILY = "1,2";
			};
			name = Release;
		};
		AA9F089C28E58B470098040D /* Debug */ = {
			isa = XCBuildConfiguration;
			buildSettings = {
				ALWAYS_SEARCH_USER_PATHS = NO;
				CLANG_ANALYZER_NONNULL = YES;
				CLANG_ANALYZER_NUMBER_OBJECT_CONVERSION = YES_AGGRESSIVE;
				CLANG_CXX_LANGUAGE_STANDARD = "gnu++20";
				CLANG_ENABLE_MODULES = YES;
				CLANG_ENABLE_OBJC_ARC = YES;
				CLANG_ENABLE_OBJC_WEAK = YES;
				CLANG_WARN_BLOCK_CAPTURE_AUTORELEASING = YES;
				CLANG_WARN_BOOL_CONVERSION = YES;
				CLANG_WARN_COMMA = YES;
				CLANG_WARN_CONSTANT_CONVERSION = YES;
				CLANG_WARN_DEPRECATED_OBJC_IMPLEMENTATIONS = YES;
				CLANG_WARN_DIRECT_OBJC_ISA_USAGE = YES_ERROR;
				CLANG_WARN_DOCUMENTATION_COMMENTS = YES;
				CLANG_WARN_EMPTY_BODY = YES;
				CLANG_WARN_ENUM_CONVERSION = YES;
				CLANG_WARN_INFINITE_RECURSION = YES;
				CLANG_WARN_INT_CONVERSION = YES;
				CLANG_WARN_NON_LITERAL_NULL_CONVERSION = YES;
				CLANG_WARN_OBJC_IMPLICIT_RETAIN_SELF = YES;
				CLANG_WARN_OBJC_LITERAL_CONVERSION = YES;
				CLANG_WARN_OBJC_ROOT_CLASS = YES_ERROR;
				CLANG_WARN_QUOTED_INCLUDE_IN_FRAMEWORK_HEADER = YES;
				CLANG_WARN_RANGE_LOOP_ANALYSIS = YES;
				CLANG_WARN_STRICT_PROTOTYPES = YES;
				CLANG_WARN_SUSPICIOUS_MOVE = YES;
				CLANG_WARN_UNGUARDED_AVAILABILITY = YES_AGGRESSIVE;
				CLANG_WARN_UNREACHABLE_CODE = YES;
				CLANG_WARN__DUPLICATE_METHOD_MATCH = YES;
				COPY_PHASE_STRIP = NO;
				DEBUG_INFORMATION_FORMAT = dwarf;
				ENABLE_STRICT_OBJC_MSGSEND = YES;
				ENABLE_TESTABILITY = YES;
				GCC_C_LANGUAGE_STANDARD = gnu11;
				GCC_DYNAMIC_NO_PIC = NO;
				GCC_NO_COMMON_BLOCKS = YES;
				GCC_OPTIMIZATION_LEVEL = 0;
				GCC_PREPROCESSOR_DEFINITIONS = (
					"DEBUG=1",
					"$(inherited)",
				);
				GCC_WARN_64_TO_32_BIT_CONVERSION = YES;
				GCC_WARN_ABOUT_RETURN_TYPE = YES_ERROR;
				GCC_WARN_UNDECLARED_SELECTOR = YES;
				GCC_WARN_UNINITIALIZED_AUTOS = YES_AGGRESSIVE;
				GCC_WARN_UNUSED_FUNCTION = YES;
				GCC_WARN_UNUSED_VARIABLE = YES;
				IPHONEOS_DEPLOYMENT_TARGET = 16.1;
				MTL_ENABLE_DEBUG_INFO = INCLUDE_SOURCE;
				MTL_FAST_MATH = YES;
				ONLY_ACTIVE_ARCH = YES;
				SDKROOT = iphoneos;
				SWIFT_ACTIVE_COMPILATION_CONDITIONS = DEBUG;
				SWIFT_OPTIMIZATION_LEVEL = "-Onone";
			};
			name = Debug;
		};
		AA9F089D28E58B470098040D /* Release */ = {
			isa = XCBuildConfiguration;
			buildSettings = {
				ALWAYS_SEARCH_USER_PATHS = NO;
				CLANG_ANALYZER_NONNULL = YES;
				CLANG_ANALYZER_NUMBER_OBJECT_CONVERSION = YES_AGGRESSIVE;
				CLANG_CXX_LANGUAGE_STANDARD = "gnu++20";
				CLANG_ENABLE_MODULES = YES;
				CLANG_ENABLE_OBJC_ARC = YES;
				CLANG_ENABLE_OBJC_WEAK = YES;
				CLANG_WARN_BLOCK_CAPTURE_AUTORELEASING = YES;
				CLANG_WARN_BOOL_CONVERSION = YES;
				CLANG_WARN_COMMA = YES;
				CLANG_WARN_CONSTANT_CONVERSION = YES;
				CLANG_WARN_DEPRECATED_OBJC_IMPLEMENTATIONS = YES;
				CLANG_WARN_DIRECT_OBJC_ISA_USAGE = YES_ERROR;
				CLANG_WARN_DOCUMENTATION_COMMENTS = YES;
				CLANG_WARN_EMPTY_BODY = YES;
				CLANG_WARN_ENUM_CONVERSION = YES;
				CLANG_WARN_INFINITE_RECURSION = YES;
				CLANG_WARN_INT_CONVERSION = YES;
				CLANG_WARN_NON_LITERAL_NULL_CONVERSION = YES;
				CLANG_WARN_OBJC_IMPLICIT_RETAIN_SELF = YES;
				CLANG_WARN_OBJC_LITERAL_CONVERSION = YES;
				CLANG_WARN_OBJC_ROOT_CLASS = YES_ERROR;
				CLANG_WARN_QUOTED_INCLUDE_IN_FRAMEWORK_HEADER = YES;
				CLANG_WARN_RANGE_LOOP_ANALYSIS = YES;
				CLANG_WARN_STRICT_PROTOTYPES = YES;
				CLANG_WARN_SUSPICIOUS_MOVE = YES;
				CLANG_WARN_UNGUARDED_AVAILABILITY = YES_AGGRESSIVE;
				CLANG_WARN_UNREACHABLE_CODE = YES;
				CLANG_WARN__DUPLICATE_METHOD_MATCH = YES;
				COPY_PHASE_STRIP = NO;
				DEBUG_INFORMATION_FORMAT = "dwarf-with-dsym";
				ENABLE_NS_ASSERTIONS = NO;
				ENABLE_STRICT_OBJC_MSGSEND = YES;
				GCC_C_LANGUAGE_STANDARD = gnu11;
				GCC_NO_COMMON_BLOCKS = YES;
				GCC_WARN_64_TO_32_BIT_CONVERSION = YES;
				GCC_WARN_ABOUT_RETURN_TYPE = YES_ERROR;
				GCC_WARN_UNDECLARED_SELECTOR = YES;
				GCC_WARN_UNINITIALIZED_AUTOS = YES_AGGRESSIVE;
				GCC_WARN_UNUSED_FUNCTION = YES;
				GCC_WARN_UNUSED_VARIABLE = YES;
				IPHONEOS_DEPLOYMENT_TARGET = 16.1;
				MTL_ENABLE_DEBUG_INFO = NO;
				MTL_FAST_MATH = YES;
				SDKROOT = iphoneos;
				SWIFT_COMPILATION_MODE = wholemodule;
				SWIFT_OPTIMIZATION_LEVEL = "-O";
				VALIDATE_PRODUCT = YES;
			};
			name = Release;
		};
		AA9F089F28E58B470098040D /* Debug */ = {
			isa = XCBuildConfiguration;
			buildSettings = {
				ALWAYS_EMBED_SWIFT_STANDARD_LIBRARIES = YES;
				ASSETCATALOG_COMPILER_APPICON_NAME = AppIcon;
				ASSETCATALOG_COMPILER_GLOBAL_ACCENT_COLOR_NAME = AccentColor;
				CODE_SIGN_ENTITLEMENTS = "Nitroless iOS/Nitroless.entitlements";
				CODE_SIGN_STYLE = Automatic;
				CURRENT_PROJECT_VERSION = 1;
				DEVELOPMENT_TEAM = 566RT33SA2;
				ENABLE_PREVIEWS = YES;
				GENERATE_INFOPLIST_FILE = YES;
				INFOPLIST_FILE = "Nitroless iOS/Info.plist";
				INFOPLIST_KEY_CFBundleDisplayName = Nitroless;
				INFOPLIST_KEY_UIApplicationSceneManifest_Generation = YES;
				INFOPLIST_KEY_UIApplicationSupportsIndirectInputEvents = YES;
				INFOPLIST_KEY_UILaunchScreen_Generation = YES;
				INFOPLIST_KEY_UISupportedInterfaceOrientations_iPad = "UIInterfaceOrientationPortrait UIInterfaceOrientationPortraitUpsideDown UIInterfaceOrientationLandscapeLeft UIInterfaceOrientationLandscapeRight";
				INFOPLIST_KEY_UISupportedInterfaceOrientations_iPhone = "UIInterfaceOrientationPortrait UIInterfaceOrientationLandscapeLeft UIInterfaceOrientationLandscapeRight";
				IPHONEOS_DEPLOYMENT_TARGET = 16.0;
				LD_RUNPATH_SEARCH_PATHS = (
					"$(inherited)",
					"@executable_path/Frameworks",
				);
				MARKETING_VERSION = 1.0;
				PRODUCT_BUNDLE_IDENTIFIER = com.llsc12.Nitroless;
				PRODUCT_NAME = "$(TARGET_NAME)";
				SWIFT_EMIT_LOC_STRINGS = YES;
				SWIFT_VERSION = 5.0;
				TARGETED_DEVICE_FAMILY = "1,2";
			};
			name = Debug;
		};
		AA9F08A028E58B470098040D /* Release */ = {
			isa = XCBuildConfiguration;
			buildSettings = {
				ALWAYS_EMBED_SWIFT_STANDARD_LIBRARIES = YES;
				ASSETCATALOG_COMPILER_APPICON_NAME = AppIcon;
				ASSETCATALOG_COMPILER_GLOBAL_ACCENT_COLOR_NAME = AccentColor;
				CODE_SIGN_ENTITLEMENTS = "Nitroless iOS/Nitroless.entitlements";
				CODE_SIGN_STYLE = Automatic;
				CURRENT_PROJECT_VERSION = 1;
				DEVELOPMENT_TEAM = 566RT33SA2;
				ENABLE_PREVIEWS = YES;
				GENERATE_INFOPLIST_FILE = YES;
				INFOPLIST_FILE = "Nitroless iOS/Info.plist";
				INFOPLIST_KEY_CFBundleDisplayName = Nitroless;
				INFOPLIST_KEY_UIApplicationSceneManifest_Generation = YES;
				INFOPLIST_KEY_UIApplicationSupportsIndirectInputEvents = YES;
				INFOPLIST_KEY_UILaunchScreen_Generation = YES;
				INFOPLIST_KEY_UISupportedInterfaceOrientations_iPad = "UIInterfaceOrientationPortrait UIInterfaceOrientationPortraitUpsideDown UIInterfaceOrientationLandscapeLeft UIInterfaceOrientationLandscapeRight";
				INFOPLIST_KEY_UISupportedInterfaceOrientations_iPhone = "UIInterfaceOrientationPortrait UIInterfaceOrientationLandscapeLeft UIInterfaceOrientationLandscapeRight";
				IPHONEOS_DEPLOYMENT_TARGET = 16.0;
				LD_RUNPATH_SEARCH_PATHS = (
					"$(inherited)",
					"@executable_path/Frameworks",
				);
				MARKETING_VERSION = 1.0;
				PRODUCT_BUNDLE_IDENTIFIER = com.llsc12.Nitroless;
				PRODUCT_NAME = "$(TARGET_NAME)";
				SWIFT_EMIT_LOC_STRINGS = YES;
				SWIFT_VERSION = 5.0;
				TARGETED_DEVICE_FAMILY = "1,2";
			};
			name = Release;
		};
/* End XCBuildConfiguration section */

/* Begin XCConfigurationList section */
		5783B54E28ECBA9000CFF460 /* Build configuration list for PBXNativeTarget "Keyboard" */ = {
			isa = XCConfigurationList;
			buildConfigurations = (
				5783B54F28ECBA9000CFF460 /* Debug */,
				5783B55028ECBA9000CFF460 /* Release */,
			);
			defaultConfigurationIsVisible = 0;
			defaultConfigurationName = Release;
		};
		AA9F088B28E58B450098040D /* Build configuration list for PBXProject "Nitroless" */ = {
			isa = XCConfigurationList;
			buildConfigurations = (
				AA9F089C28E58B470098040D /* Debug */,
				AA9F089D28E58B470098040D /* Release */,
			);
			defaultConfigurationIsVisible = 0;
			defaultConfigurationName = Release;
		};
		AA9F089E28E58B470098040D /* Build configuration list for PBXNativeTarget "Nitroless iOS" */ = {
			isa = XCConfigurationList;
			buildConfigurations = (
				AA9F089F28E58B470098040D /* Debug */,
				AA9F08A028E58B470098040D /* Release */,
			);
			defaultConfigurationIsVisible = 0;
			defaultConfigurationName = Release;
		};
/* End XCConfigurationList section */

/* Begin XCRemoteSwiftPackageReference section */
		AA6250BA28EB047200C7030E /* XCRemoteSwiftPackageReference "SDWebImageWebPCoder" */ = {
			isa = XCRemoteSwiftPackageReference;
			repositoryURL = "https://github.com/SDWebImage/SDWebImageWebPCoder";
			requirement = {
				kind = upToNextMajorVersion;
				minimumVersion = 0.9.1;
			};
		};
		AA9F08A828E5A6360098040D /* XCRemoteSwiftPackageReference "SDWebImageSwiftUI" */ = {
			isa = XCRemoteSwiftPackageReference;
			repositoryURL = "https://github.com/SDWebImage/SDWebImageSwiftUI";
			requirement = {
				branch = master;
				kind = branch;
			};
		};
		AAD030A028EB155D0040718F /* XCRemoteSwiftPackageReference "AlertToast" */ = {
			isa = XCRemoteSwiftPackageReference;
			repositoryURL = "https://github.com/elai950/AlertToast";
			requirement = {
				kind = upToNextMajorVersion;
				minimumVersion = 1.0.0;
			};
		};
/* End XCRemoteSwiftPackageReference section */

/* Begin XCSwiftPackageProductDependency section */
		5783B55328ECD8B300CFF460 /* SDWebImageSwiftUI */ = {
			isa = XCSwiftPackageProductDependency;
			package = AA9F08A828E5A6360098040D /* XCRemoteSwiftPackageReference "SDWebImageSwiftUI" */;
			productName = SDWebImageSwiftUI;
		};
		AA6250BB28EB047200C7030E /* SDWebImageWebPCoder */ = {
			isa = XCSwiftPackageProductDependency;
			package = AA6250BA28EB047200C7030E /* XCRemoteSwiftPackageReference "SDWebImageWebPCoder" */;
			productName = SDWebImageWebPCoder;
		};
		AA9F08A928E5A6360098040D /* SDWebImageSwiftUI */ = {
			isa = XCSwiftPackageProductDependency;
			package = AA9F08A828E5A6360098040D /* XCRemoteSwiftPackageReference "SDWebImageSwiftUI" */;
			productName = SDWebImageSwiftUI;
		};
		AAD030A128EB155E0040718F /* AlertToast */ = {
			isa = XCSwiftPackageProductDependency;
			package = AAD030A028EB155D0040718F /* XCRemoteSwiftPackageReference "AlertToast" */;
			productName = AlertToast;
		};
/* End XCSwiftPackageProductDependency section */
	};
	rootObject = AA9F088828E58B450098040D /* Project object */;
}
