// !$*UTF8*$!
{
	archiveVersion = 1;
	classes = {
	};
	objectVersion = 56;
	objects = {

/* Begin PBXBuildFile section */
		571A788D28F340FE0089A0B1 /* AppDelegate.swift in Sources */ = {isa = PBXBuildFile; fileRef = 571A788C28F340FE0089A0B1 /* AppDelegate.swift */; };
		571A789428F340FF0089A0B1 /* Main.storyboard in Resources */ = {isa = PBXBuildFile; fileRef = 571A789228F340FF0089A0B1 /* Main.storyboard */; };
		571A789928F341290089A0B1 /* Assets.xcassets in Resources */ = {isa = PBXBuildFile; fileRef = AAD5D80928EEC7D900FF08DA /* Assets.xcassets */; };
		571A78AE28F341BE0089A0B1 /* ContentViewModel.swift in Sources */ = {isa = PBXBuildFile; fileRef = 571A789E28F341BD0089A0B1 /* ContentViewModel.swift */; };
		571A78AF28F341BE0089A0B1 /* ContentView.swift in Sources */ = {isa = PBXBuildFile; fileRef = 571A789F28F341BD0089A0B1 /* ContentView.swift */; };
		571A78B228F341BE0089A0B1 /* RepoView.swift in Sources */ = {isa = PBXBuildFile; fileRef = 571A78A528F341BD0089A0B1 /* RepoView.swift */; };
		571A78B328F341BE0089A0B1 /* Hovered.swift in Sources */ = {isa = PBXBuildFile; fileRef = 571A78A628F341BD0089A0B1 /* Hovered.swift */; };
		571A78B428F341BE0089A0B1 /* Emote.swift in Sources */ = {isa = PBXBuildFile; fileRef = 571A78A828F341BD0089A0B1 /* Emote.swift */; };
		571A78B528F341BE0089A0B1 /* StatusBarController.swift in Sources */ = {isa = PBXBuildFile; fileRef = 571A78AA28F341BE0089A0B1 /* StatusBarController.swift */; };
		571A78B628F341BE0089A0B1 /* SharePicker.swift in Sources */ = {isa = PBXBuildFile; fileRef = 571A78AB28F341BE0089A0B1 /* SharePicker.swift */; };
		571A78B728F341BE0089A0B1 /* EventMonitor.swift in Sources */ = {isa = PBXBuildFile; fileRef = 571A78AC28F341BE0089A0B1 /* EventMonitor.swift */; };
		571A78B928F3427D0089A0B1 /* SDWebImageSwiftUI in Frameworks */ = {isa = PBXBuildFile; productRef = 571A78B828F3427D0089A0B1 /* SDWebImageSwiftUI */; };
		571A78BB28F3427D0089A0B1 /* SDWebImageWebPCoder in Frameworks */ = {isa = PBXBuildFile; productRef = 571A78BA28F3427D0089A0B1 /* SDWebImageWebPCoder */; };
		571A78C228F3440D0089A0B1 /* SDWebImageWebPCoder in Frameworks */ = {isa = PBXBuildFile; productRef = 571A78C128F3440D0089A0B1 /* SDWebImageWebPCoder */; };
		571A78C528F344550089A0B1 /* Introspect in Frameworks */ = {isa = PBXBuildFile; productRef = 571A78C428F344550089A0B1 /* Introspect */; };
		571A78C728F344EA0089A0B1 /* MainViewController.swift in Sources */ = {isa = PBXBuildFile; fileRef = 571A78C628F344EA0089A0B1 /* MainViewController.swift */; };
		5721D6C228F1E5A000148391 /* AddDefaultRepos.swift in Sources */ = {isa = PBXBuildFile; fileRef = 5721D6C128F1E5A000148391 /* AddDefaultRepos.swift */; };
		5721D6C428F1E78D00148391 /* DefaultRepoCell.swift in Sources */ = {isa = PBXBuildFile; fileRef = 5721D6C328F1E78D00148391 /* DefaultRepoCell.swift */; };
		5783B54928ECBA9000CFF460 /* KeyboardViewController.swift in Sources */ = {isa = PBXBuildFile; fileRef = 5783B54828ECBA9000CFF460 /* KeyboardViewController.swift */; };
		5783B54D28ECBA9000CFF460 /* Keyboard.appex in Embed Foundation Extensions */ = {isa = PBXBuildFile; fileRef = 5783B54628ECBA9000CFF460 /* Keyboard.appex */; settings = {ATTRIBUTES = (RemoveHeadersOnCopy, ); }; };
		5783B55228ECCDDA00CFF460 /* KeyboardView.swift in Sources */ = {isa = PBXBuildFile; fileRef = 5783B55128ECCDDA00CFF460 /* KeyboardView.swift */; };
		5783B55428ECD8B300CFF460 /* SDWebImageSwiftUI in Frameworks */ = {isa = PBXBuildFile; productRef = 5783B55328ECD8B300CFF460 /* SDWebImageSwiftUI */; };
		57A34C4928F2331A00383807 /* Assets.xcassets in Resources */ = {isa = PBXBuildFile; fileRef = AAD5D80928EEC7D900FF08DA /* Assets.xcassets */; };
		57A34C4A28F2331F00383807 /* Assets.xcassets in Resources */ = {isa = PBXBuildFile; fileRef = AAD5D80928EEC7D900FF08DA /* Assets.xcassets */; };
		AA431D7628EEEBB00066EBC4 /* RepositoryManager.swift in Sources */ = {isa = PBXBuildFile; fileRef = AA9F08A428E58C020098040D /* RepositoryManager.swift */; };
		AA431D7728EEEBB00066EBC4 /* Constants.swift in Sources */ = {isa = PBXBuildFile; fileRef = AA9F08A628E58D490098040D /* Constants.swift */; };
		AA6250BC28EB047200C7030E /* SDWebImageWebPCoder in Frameworks */ = {isa = PBXBuildFile; productRef = AA6250BB28EB047200C7030E /* SDWebImageWebPCoder */; };
		AA67BDB628F7FE7C001A37BF /* AlertToast in Frameworks */ = {isa = PBXBuildFile; productRef = AA67BDB528F7FE7C001A37BF /* AlertToast */; };
		AA9F089428E58B450098040D /* NitrolessApp.swift in Sources */ = {isa = PBXBuildFile; fileRef = AA9F089328E58B450098040D /* NitrolessApp.swift */; };
		AA9F089628E58B450098040D /* ContentView.swift in Sources */ = {isa = PBXBuildFile; fileRef = AA9F089528E58B450098040D /* ContentView.swift */; };
		AA9F08A528E58C020098040D /* RepositoryManager.swift in Sources */ = {isa = PBXBuildFile; fileRef = AA9F08A428E58C020098040D /* RepositoryManager.swift */; };
		AA9F08A728E58D490098040D /* Constants.swift in Sources */ = {isa = PBXBuildFile; fileRef = AA9F08A628E58D490098040D /* Constants.swift */; };
		AA9F08AA28E5A6360098040D /* SDWebImageSwiftUI in Frameworks */ = {isa = PBXBuildFile; productRef = AA9F08A928E5A6360098040D /* SDWebImageSwiftUI */; };
		AA9F08AC28E5A8360098040D /* RepoView.swift in Sources */ = {isa = PBXBuildFile; fileRef = AA9F08AB28E5A8360098040D /* RepoView.swift */; };
		AAD030A228EB155E0040718F /* AlertToast in Frameworks */ = {isa = PBXBuildFile; productRef = AAD030A128EB155E0040718F /* AlertToast */; };
		E619D9B628F356BE006BD8B4 /* Array.swift in Sources */ = {isa = PBXBuildFile; fileRef = E619D9B528F356BE006BD8B4 /* Array.swift */; };
		E619D9B828F3572E006BD8B4 /* EmotesView.swift in Sources */ = {isa = PBXBuildFile; fileRef = E619D9B728F3572E006BD8B4 /* EmotesView.swift */; };
		E619D9D528F3BC36006BD8B4 /* HomeView.swift in Sources */ = {isa = PBXBuildFile; fileRef = E619D9D428F3BC36006BD8B4 /* HomeView.swift */; };
		E69E3A2829100D800030EFA3 /* HomeView.swift in Sources */ = {isa = PBXBuildFile; fileRef = E69E3A2729100D800030EFA3 /* HomeView.swift */; };
		E69E3A2B29100E060030EFA3 /* Color.swift in Sources */ = {isa = PBXBuildFile; fileRef = E69E3A2A29100E060030EFA3 /* Color.swift */; };
		E69E3A30291010B80030EFA3 /* UniSans.otf in Resources */ = {isa = PBXBuildFile; fileRef = E619D9CE28F3BA2D006BD8B4 /* UniSans.otf */; };
		E69E3A31291010B90030EFA3 /* UniSans.otf in Resources */ = {isa = PBXBuildFile; fileRef = E619D9CE28F3BA2D006BD8B4 /* UniSans.otf */; };
		E69E3A332910112B0030EFA3 /* UniSans.otf in CopyFiles */ = {isa = PBXBuildFile; fileRef = E619D9CE28F3BA2D006BD8B4 /* UniSans.otf */; };
		E69E3A3A291028420030EFA3 /* FrequentUsedView.swift in Sources */ = {isa = PBXBuildFile; fileRef = E69E3A39291028420030EFA3 /* FrequentUsedView.swift */; };
		E69E3A3D291028590030EFA3 /* AboutView.swift in Sources */ = {isa = PBXBuildFile; fileRef = E69E3A3C291028590030EFA3 /* AboutView.swift */; };
		E69E3A402910589C0030EFA3 /* SidebarView.swift in Sources */ = {isa = PBXBuildFile; fileRef = E69E3A3F2910589C0030EFA3 /* SidebarView.swift */; };
		E69E3A452912D05C0030EFA3 /* SidebarItemView.swift in Sources */ = {isa = PBXBuildFile; fileRef = E69E3A442912D05C0030EFA3 /* SidebarItemView.swift */; };
		E69E3A4D291457660030EFA3 /* FavouriteEmotesView.swift in Sources */ = {isa = PBXBuildFile; fileRef = E69E3A4C291457660030EFA3 /* FavouriteEmotesView.swift */; };
		E69E3A50291540310030EFA3 /* Color.swift in Sources */ = {isa = PBXBuildFile; fileRef = E69E3A4F291540310030EFA3 /* Color.swift */; };
		E69E3A53291546A70030EFA3 /* BottomBarView.swift in Sources */ = {isa = PBXBuildFile; fileRef = E69E3A52291546A70030EFA3 /* BottomBarView.swift */; };
		E6A1D17D28FF0940004DDFD4 /* TriangleShape.swift in Sources */ = {isa = PBXBuildFile; fileRef = E6A1D17C28FF0940004DDFD4 /* TriangleShape.swift */; };
		E6ADBB7B28F4634700754936 /* HomeChildView.swift in Sources */ = {isa = PBXBuildFile; fileRef = E6ADBB7A28F4634700754936 /* HomeChildView.swift */; };
		E6ADBB7D28F4635E00754936 /* AboutView.swift in Sources */ = {isa = PBXBuildFile; fileRef = E6ADBB7C28F4635E00754936 /* AboutView.swift */; };
		E6F1ECED28F5A37D001594B6 /* EmoteView.swift in Sources */ = {isa = PBXBuildFile; fileRef = E6F1ECEC28F5A37D001594B6 /* EmoteView.swift */; };
/* End PBXBuildFile section */

/* Begin PBXContainerItemProxy section */
		5783B54B28ECBA9000CFF460 /* PBXContainerItemProxy */ = {
			isa = PBXContainerItemProxy;
			containerPortal = AA9F088828E58B450098040D /* Project object */;
			proxyType = 1;
			remoteGlobalIDString = 5783B54528ECBA9000CFF460;
			remoteInfo = Keyboard;
		};
/* End PBXContainerItemProxy section */

/* Begin PBXCopyFilesBuildPhase section */
		576EB22F28EC8B45005F3D73 /* Embed Foundation Extensions */ = {
			isa = PBXCopyFilesBuildPhase;
			buildActionMask = 2147483647;
			dstPath = "";
			dstSubfolderSpec = 13;
			files = (
				5783B54D28ECBA9000CFF460 /* Keyboard.appex in Embed Foundation Extensions */,
			);
			name = "Embed Foundation Extensions";
			runOnlyForDeploymentPostprocessing = 0;
		};
		E619D9D028F3BA86006BD8B4 /* CopyFiles */ = {
			isa = PBXCopyFilesBuildPhase;
			buildActionMask = 2147483647;
			dstPath = Fonts;
			dstSubfolderSpec = 7;
			files = (
				E69E3A332910112B0030EFA3 /* UniSans.otf in CopyFiles */,
			);
			runOnlyForDeploymentPostprocessing = 0;
		};
/* End PBXCopyFilesBuildPhase section */

/* Begin PBXFileReference section */
		571A788A28F340FE0089A0B1 /* Nitroless.app */ = {isa = PBXFileReference; explicitFileType = wrapper.application; includeInIndex = 0; path = Nitroless.app; sourceTree = BUILT_PRODUCTS_DIR; };
		571A788C28F340FE0089A0B1 /* AppDelegate.swift */ = {isa = PBXFileReference; lastKnownFileType = sourcecode.swift; path = AppDelegate.swift; sourceTree = "<group>"; };
		571A789328F340FF0089A0B1 /* Base */ = {isa = PBXFileReference; lastKnownFileType = file.storyboard; name = Base; path = Base.lproj/Main.storyboard; sourceTree = "<group>"; };
		571A789528F340FF0089A0B1 /* Nitroless_macOS.entitlements */ = {isa = PBXFileReference; lastKnownFileType = text.plist.entitlements; path = Nitroless_macOS.entitlements; sourceTree = "<group>"; };
		571A789E28F341BD0089A0B1 /* ContentViewModel.swift */ = {isa = PBXFileReference; fileEncoding = 4; lastKnownFileType = sourcecode.swift; path = ContentViewModel.swift; sourceTree = "<group>"; };
		571A789F28F341BD0089A0B1 /* ContentView.swift */ = {isa = PBXFileReference; fileEncoding = 4; lastKnownFileType = sourcecode.swift; path = ContentView.swift; sourceTree = "<group>"; };
		571A78A528F341BD0089A0B1 /* RepoView.swift */ = {isa = PBXFileReference; fileEncoding = 4; lastKnownFileType = sourcecode.swift; path = RepoView.swift; sourceTree = "<group>"; };
		571A78A628F341BD0089A0B1 /* Hovered.swift */ = {isa = PBXFileReference; fileEncoding = 4; lastKnownFileType = sourcecode.swift; path = Hovered.swift; sourceTree = "<group>"; };
		571A78A828F341BD0089A0B1 /* Emote.swift */ = {isa = PBXFileReference; fileEncoding = 4; lastKnownFileType = sourcecode.swift; path = Emote.swift; sourceTree = "<group>"; };
		571A78AA28F341BE0089A0B1 /* StatusBarController.swift */ = {isa = PBXFileReference; fileEncoding = 4; lastKnownFileType = sourcecode.swift; path = StatusBarController.swift; sourceTree = "<group>"; };
		571A78AB28F341BE0089A0B1 /* SharePicker.swift */ = {isa = PBXFileReference; fileEncoding = 4; lastKnownFileType = sourcecode.swift; path = SharePicker.swift; sourceTree = "<group>"; };
		571A78AC28F341BE0089A0B1 /* EventMonitor.swift */ = {isa = PBXFileReference; fileEncoding = 4; lastKnownFileType = sourcecode.swift; path = EventMonitor.swift; sourceTree = "<group>"; };
		571A78C628F344EA0089A0B1 /* MainViewController.swift */ = {isa = PBXFileReference; fileEncoding = 4; lastKnownFileType = sourcecode.swift; path = MainViewController.swift; sourceTree = "<group>"; };
		5721D6C128F1E5A000148391 /* AddDefaultRepos.swift */ = {isa = PBXFileReference; lastKnownFileType = sourcecode.swift; path = AddDefaultRepos.swift; sourceTree = "<group>"; };
		5721D6C328F1E78D00148391 /* DefaultRepoCell.swift */ = {isa = PBXFileReference; lastKnownFileType = sourcecode.swift; path = DefaultRepoCell.swift; sourceTree = "<group>"; };
		5783B54628ECBA9000CFF460 /* Keyboard.appex */ = {isa = PBXFileReference; explicitFileType = "wrapper.app-extension"; includeInIndex = 0; path = Keyboard.appex; sourceTree = BUILT_PRODUCTS_DIR; };
		5783B54828ECBA9000CFF460 /* KeyboardViewController.swift */ = {isa = PBXFileReference; lastKnownFileType = sourcecode.swift; path = KeyboardViewController.swift; sourceTree = "<group>"; };
		5783B54A28ECBA9000CFF460 /* Info.plist */ = {isa = PBXFileReference; lastKnownFileType = text.plist.xml; path = Info.plist; sourceTree = "<group>"; };
		5783B55128ECCDDA00CFF460 /* KeyboardView.swift */ = {isa = PBXFileReference; lastKnownFileType = sourcecode.swift; path = KeyboardView.swift; sourceTree = "<group>"; };
		AA6250B828E911C100C7030E /* Nitroless.entitlements */ = {isa = PBXFileReference; lastKnownFileType = text.plist.entitlements; path = Nitroless.entitlements; sourceTree = "<group>"; };
		AA6250B928E9141500C7030E /* Info.plist */ = {isa = PBXFileReference; lastKnownFileType = text.plist; path = Info.plist; sourceTree = "<group>"; };
		AA9F089028E58B450098040D /* Nitroless.app */ = {isa = PBXFileReference; explicitFileType = wrapper.application; includeInIndex = 0; path = Nitroless.app; sourceTree = BUILT_PRODUCTS_DIR; };
		AA9F089328E58B450098040D /* NitrolessApp.swift */ = {isa = PBXFileReference; lastKnownFileType = sourcecode.swift; path = NitrolessApp.swift; sourceTree = "<group>"; };
		AA9F089528E58B450098040D /* ContentView.swift */ = {isa = PBXFileReference; lastKnownFileType = sourcecode.swift; path = ContentView.swift; sourceTree = "<group>"; };
		AA9F08A428E58C020098040D /* RepositoryManager.swift */ = {isa = PBXFileReference; lastKnownFileType = sourcecode.swift; path = RepositoryManager.swift; sourceTree = "<group>"; };
		AA9F08A628E58D490098040D /* Constants.swift */ = {isa = PBXFileReference; lastKnownFileType = sourcecode.swift; path = Constants.swift; sourceTree = "<group>"; };
		AA9F08AB28E5A8360098040D /* RepoView.swift */ = {isa = PBXFileReference; lastKnownFileType = sourcecode.swift; path = RepoView.swift; sourceTree = "<group>"; };
		AAD5D80928EEC7D900FF08DA /* Assets.xcassets */ = {isa = PBXFileReference; lastKnownFileType = folder.assetcatalog; path = Assets.xcassets; sourceTree = "<group>"; };
		E619D9B528F356BE006BD8B4 /* Array.swift */ = {isa = PBXFileReference; lastKnownFileType = sourcecode.swift; path = Array.swift; sourceTree = "<group>"; };
		E619D9B728F3572E006BD8B4 /* EmotesView.swift */ = {isa = PBXFileReference; lastKnownFileType = sourcecode.swift; path = EmotesView.swift; sourceTree = "<group>"; };
		E619D9CE28F3BA2D006BD8B4 /* UniSans.otf */ = {isa = PBXFileReference; lastKnownFileType = file; path = UniSans.otf; sourceTree = "<group>"; };
		E619D9CF28F3BA69006BD8B4 /* Nitroless-macOS-Info.plist */ = {isa = PBXFileReference; lastKnownFileType = text.plist; path = "Nitroless-macOS-Info.plist"; sourceTree = SOURCE_ROOT; };
		E619D9D428F3BC36006BD8B4 /* HomeView.swift */ = {isa = PBXFileReference; lastKnownFileType = sourcecode.swift; path = HomeView.swift; sourceTree = "<group>"; };
		E69E3A2729100D800030EFA3 /* HomeView.swift */ = {isa = PBXFileReference; lastKnownFileType = sourcecode.swift; path = HomeView.swift; sourceTree = "<group>"; };
		E69E3A2A29100E060030EFA3 /* Color.swift */ = {isa = PBXFileReference; lastKnownFileType = sourcecode.swift; path = Color.swift; sourceTree = "<group>"; };
		E69E3A39291028420030EFA3 /* FrequentUsedView.swift */ = {isa = PBXFileReference; lastKnownFileType = sourcecode.swift; path = FrequentUsedView.swift; sourceTree = "<group>"; };
		E69E3A3C291028590030EFA3 /* AboutView.swift */ = {isa = PBXFileReference; lastKnownFileType = sourcecode.swift; path = AboutView.swift; sourceTree = "<group>"; };
		E69E3A3F2910589C0030EFA3 /* SidebarView.swift */ = {isa = PBXFileReference; lastKnownFileType = sourcecode.swift; path = SidebarView.swift; sourceTree = "<group>"; };
		E69E3A442912D05C0030EFA3 /* SidebarItemView.swift */ = {isa = PBXFileReference; lastKnownFileType = sourcecode.swift; path = SidebarItemView.swift; sourceTree = "<group>"; };
		E69E3A4C291457660030EFA3 /* FavouriteEmotesView.swift */ = {isa = PBXFileReference; lastKnownFileType = sourcecode.swift; path = FavouriteEmotesView.swift; sourceTree = "<group>"; };
		E69E3A4F291540310030EFA3 /* Color.swift */ = {isa = PBXFileReference; lastKnownFileType = sourcecode.swift; path = Color.swift; sourceTree = "<group>"; };
		E69E3A52291546A70030EFA3 /* BottomBarView.swift */ = {isa = PBXFileReference; lastKnownFileType = sourcecode.swift; path = BottomBarView.swift; sourceTree = "<group>"; };
		E69E3A5429156D3E0030EFA3 /* Keyboard.entitlements */ = {isa = PBXFileReference; lastKnownFileType = text.plist.entitlements; path = Keyboard.entitlements; sourceTree = "<group>"; };
		E6A1D17C28FF0940004DDFD4 /* TriangleShape.swift */ = {isa = PBXFileReference; lastKnownFileType = sourcecode.swift; path = TriangleShape.swift; sourceTree = "<group>"; };
		E6ADBB7A28F4634700754936 /* HomeChildView.swift */ = {isa = PBXFileReference; lastKnownFileType = sourcecode.swift; path = HomeChildView.swift; sourceTree = "<group>"; };
		E6ADBB7C28F4635E00754936 /* AboutView.swift */ = {isa = PBXFileReference; lastKnownFileType = sourcecode.swift; path = AboutView.swift; sourceTree = "<group>"; };
		E6F1ECEC28F5A37D001594B6 /* EmoteView.swift */ = {isa = PBXFileReference; lastKnownFileType = sourcecode.swift; path = EmoteView.swift; sourceTree = "<group>"; };
/* End PBXFileReference section */

/* Begin PBXFrameworksBuildPhase section */
		571A788728F340FE0089A0B1 /* Frameworks */ = {
			isa = PBXFrameworksBuildPhase;
			buildActionMask = 2147483647;
			files = (
				571A78BB28F3427D0089A0B1 /* SDWebImageWebPCoder in Frameworks */,
				AA67BDB628F7FE7C001A37BF /* AlertToast in Frameworks */,
				571A78C528F344550089A0B1 /* Introspect in Frameworks */,
				571A78B928F3427D0089A0B1 /* SDWebImageSwiftUI in Frameworks */,
			);
			runOnlyForDeploymentPostprocessing = 0;
		};
		5783B54328ECBA9000CFF460 /* Frameworks */ = {
			isa = PBXFrameworksBuildPhase;
			buildActionMask = 2147483647;
			files = (
				571A78C228F3440D0089A0B1 /* SDWebImageWebPCoder in Frameworks */,
				5783B55428ECD8B300CFF460 /* SDWebImageSwiftUI in Frameworks */,
			);
			runOnlyForDeploymentPostprocessing = 0;
		};
		AA9F088D28E58B450098040D /* Frameworks */ = {
			isa = PBXFrameworksBuildPhase;
			buildActionMask = 2147483647;
			files = (
				AAD030A228EB155E0040718F /* AlertToast in Frameworks */,
				AA6250BC28EB047200C7030E /* SDWebImageWebPCoder in Frameworks */,
				AA9F08AA28E5A6360098040D /* SDWebImageSwiftUI in Frameworks */,
			);
			runOnlyForDeploymentPostprocessing = 0;
		};
/* End PBXFrameworksBuildPhase section */

/* Begin PBXGroup section */
		571A788B28F340FE0089A0B1 /* Nitroless macOS */ = {
			isa = PBXGroup;
			children = (
				E619D9CF28F3BA69006BD8B4 /* Nitroless-macOS-Info.plist */,
				571A789C28F341BD0089A0B1 /* Core */,
				571A789A28F341BD0089A0B1 /* Extensions */,
				571A78A728F341BD0089A0B1 /* Models */,
				571A78A928F341BE0089A0B1 /* Utils */,
				571A788C28F340FE0089A0B1 /* AppDelegate.swift */,
				571A78C628F344EA0089A0B1 /* MainViewController.swift */,
				571A789228F340FF0089A0B1 /* Main.storyboard */,
				571A789528F340FF0089A0B1 /* Nitroless_macOS.entitlements */,
			);
			path = "Nitroless macOS";
			sourceTree = "<group>";
		};
		571A789A28F341BD0089A0B1 /* Extensions */ = {
			isa = PBXGroup;
			children = (
				E619D9B528F356BE006BD8B4 /* Array.swift */,
			);
			path = Extensions;
			sourceTree = "<group>";
		};
		571A789C28F341BD0089A0B1 /* Core */ = {
			isa = PBXGroup;
			children = (
				571A789D28F341BD0089A0B1 /* ViewModel */,
				571A789F28F341BD0089A0B1 /* ContentView.swift */,
				571A78A028F341BD0089A0B1 /* Emotes */,
				571A78A428F341BD0089A0B1 /* Repo */,
			);
			path = Core;
			sourceTree = "<group>";
		};
		571A789D28F341BD0089A0B1 /* ViewModel */ = {
			isa = PBXGroup;
			children = (
				571A789E28F341BD0089A0B1 /* ContentViewModel.swift */,
			);
			path = ViewModel;
			sourceTree = "<group>";
		};
		571A78A028F341BD0089A0B1 /* Emotes */ = {
			isa = PBXGroup;
			children = (
				E619D9D228F3BC17006BD8B4 /* Home */,
				571A78A128F341BD0089A0B1 /* Views */,
			);
			path = Emotes;
			sourceTree = "<group>";
		};
		571A78A128F341BD0089A0B1 /* Views */ = {
			isa = PBXGroup;
			children = (
				E619D9B728F3572E006BD8B4 /* EmotesView.swift */,
				E6F1ECEC28F5A37D001594B6 /* EmoteView.swift */,
			);
			path = Views;
			sourceTree = "<group>";
		};
		571A78A428F341BD0089A0B1 /* Repo */ = {
			isa = PBXGroup;
			children = (
				E619D9B428F3564E006BD8B4 /* Views */,
			);
			path = Repo;
			sourceTree = "<group>";
		};
		571A78A728F341BD0089A0B1 /* Models */ = {
			isa = PBXGroup;
			children = (
				571A78A628F341BD0089A0B1 /* Hovered.swift */,
				571A78A828F341BD0089A0B1 /* Emote.swift */,
			);
			path = Models;
			sourceTree = "<group>";
		};
		571A78A928F341BE0089A0B1 /* Utils */ = {
			isa = PBXGroup;
			children = (
				571A78AA28F341BE0089A0B1 /* StatusBarController.swift */,
				571A78AB28F341BE0089A0B1 /* SharePicker.swift */,
				571A78AC28F341BE0089A0B1 /* EventMonitor.swift */,
				E6A1D17C28FF0940004DDFD4 /* TriangleShape.swift */,
			);
			path = Utils;
			sourceTree = "<group>";
		};
		5721D6BF28F1E56400148391 /* Views */ = {
			isa = PBXGroup;
			children = (
				E69E3A3B2910284B0030EFA3 /* About */,
				AA9F089528E58B450098040D /* ContentView.swift */,
				E69E3A2629100D5F0030EFA3 /* Home */,
				E69E3A46291302DB0030EFA3 /* Repo */,
				E69E3A3E2910588D0030EFA3 /* Sidebar */,
				5721D6C028F1E57A00148391 /* Default Repos */,
			);
			path = Views;
			sourceTree = "<group>";
		};
		5721D6C028F1E57A00148391 /* Default Repos */ = {
			isa = PBXGroup;
			children = (
				5721D6C128F1E5A000148391 /* AddDefaultRepos.swift */,
				5721D6C328F1E78D00148391 /* DefaultRepoCell.swift */,
			);
			path = "Default Repos";
			sourceTree = "<group>";
		};
		5783B54728ECBA9000CFF460 /* Keyboard */ = {
			isa = PBXGroup;
			children = (
				E69E3A5429156D3E0030EFA3 /* Keyboard.entitlements */,
				E69E3A512915468F0030EFA3 /* BottomBar */,
				E69E3A4E291540180030EFA3 /* Extensions */,
				5783B54828ECBA9000CFF460 /* KeyboardViewController.swift */,
				5783B55128ECCDDA00CFF460 /* KeyboardView.swift */,
				5783B54A28ECBA9000CFF460 /* Info.plist */,
			);
			path = Keyboard;
			sourceTree = "<group>";
		};
		57F906E228EB3C8D001640BB /* Frameworks */ = {
			isa = PBXGroup;
			children = (
			);
			name = Frameworks;
			sourceTree = "<group>";
		};
		AA431D7A28EEEBB90066EBC4 /* Shared */ = {
			isa = PBXGroup;
			children = (
				E619D9CD28F3BA20006BD8B4 /* Fonts */,
				AAD5D80928EEC7D900FF08DA /* Assets.xcassets */,
				AA9F08A128E58BA60098040D /* Utilities */,
			);
			path = Shared;
			sourceTree = "<group>";
		};
		AA9F088728E58B450098040D = {
			isa = PBXGroup;
			children = (
				AA431D7A28EEEBB90066EBC4 /* Shared */,
				5783B54728ECBA9000CFF460 /* Keyboard */,
				AA9F089228E58B450098040D /* Nitroless iOS */,
				571A788B28F340FE0089A0B1 /* Nitroless macOS */,
				AA9F089128E58B450098040D /* Products */,
				57F906E228EB3C8D001640BB /* Frameworks */,
			);
			sourceTree = "<group>";
		};
		AA9F089128E58B450098040D /* Products */ = {
			isa = PBXGroup;
			children = (
				AA9F089028E58B450098040D /* Nitroless.app */,
				5783B54628ECBA9000CFF460 /* Keyboard.appex */,
				571A788A28F340FE0089A0B1 /* Nitroless.app */,
			);
			name = Products;
			sourceTree = "<group>";
		};
		AA9F089228E58B450098040D /* Nitroless iOS */ = {
			isa = PBXGroup;
			children = (
				E69E3A34291025B70030EFA3 /* ViewModel */,
				E69E3A2929100DF30030EFA3 /* Extensions */,
				AA6250B928E9141500C7030E /* Info.plist */,
				AA6250B828E911C100C7030E /* Nitroless.entitlements */,
				AA9F089328E58B450098040D /* NitrolessApp.swift */,
				5721D6BF28F1E56400148391 /* Views */,
			);
			path = "Nitroless iOS";
			sourceTree = "<group>";
		};
		AA9F08A128E58BA60098040D /* Utilities */ = {
			isa = PBXGroup;
			children = (
				AA9F08A628E58D490098040D /* Constants.swift */,
				AA9F08A428E58C020098040D /* RepositoryManager.swift */,
			);
			path = Utilities;
			sourceTree = "<group>";
		};
		E619D9B428F3564E006BD8B4 /* Views */ = {
			isa = PBXGroup;
			children = (
				571A78A528F341BD0089A0B1 /* RepoView.swift */,
			);
			path = Views;
			sourceTree = "<group>";
		};
		E619D9CD28F3BA20006BD8B4 /* Fonts */ = {
			isa = PBXGroup;
			children = (
				E619D9CE28F3BA2D006BD8B4 /* UniSans.otf */,
			);
			name = Fonts;
			path = "../Nitroless macOS/Fonts";
			sourceTree = "<group>";
		};
		E619D9D228F3BC17006BD8B4 /* Home */ = {
			isa = PBXGroup;
			children = (
				E619D9D328F3BC23006BD8B4 /* Views */,
			);
			path = Home;
			sourceTree = "<group>";
		};
		E619D9D328F3BC23006BD8B4 /* Views */ = {
			isa = PBXGroup;
			children = (
				E619D9D428F3BC36006BD8B4 /* HomeView.swift */,
				E6ADBB7A28F4634700754936 /* HomeChildView.swift */,
				E6ADBB7C28F4635E00754936 /* AboutView.swift */,
			);
			path = Views;
			sourceTree = "<group>";
		};
		E69E3A2629100D5F0030EFA3 /* Home */ = {
			isa = PBXGroup;
			children = (
				E69E3A4B2914573C0030EFA3 /* FavouriteEmotes */,
				E69E3A382910281E0030EFA3 /* FrequentUsed */,
				E69E3A2729100D800030EFA3 /* HomeView.swift */,
			);
			path = Home;
			sourceTree = "<group>";
		};
		E69E3A2929100DF30030EFA3 /* Extensions */ = {
			isa = PBXGroup;
			children = (
				E69E3A2A29100E060030EFA3 /* Color.swift */,
			);
			path = Extensions;
			sourceTree = "<group>";
		};
		E69E3A34291025B70030EFA3 /* ViewModel */ = {
			isa = PBXGroup;
			children = (
			);
			path = ViewModel;
			sourceTree = "<group>";
		};
		E69E3A382910281E0030EFA3 /* FrequentUsed */ = {
			isa = PBXGroup;
			children = (
				E69E3A39291028420030EFA3 /* FrequentUsedView.swift */,
			);
			path = FrequentUsed;
			sourceTree = "<group>";
		};
		E69E3A3B2910284B0030EFA3 /* About */ = {
			isa = PBXGroup;
			children = (
				E69E3A3C291028590030EFA3 /* AboutView.swift */,
			);
			path = About;
			sourceTree = "<group>";
		};
		E69E3A3E2910588D0030EFA3 /* Sidebar */ = {
			isa = PBXGroup;
			children = (
				E69E3A3F2910589C0030EFA3 /* SidebarView.swift */,
				E69E3A442912D05C0030EFA3 /* SidebarItemView.swift */,
			);
			path = Sidebar;
			sourceTree = "<group>";
		};
		E69E3A46291302DB0030EFA3 /* Repo */ = {
			isa = PBXGroup;
			children = (
				AA9F08AB28E5A8360098040D /* RepoView.swift */,
			);
			path = Repo;
			sourceTree = "<group>";
		};
		E69E3A4B2914573C0030EFA3 /* FavouriteEmotes */ = {
			isa = PBXGroup;
			children = (
				E69E3A4C291457660030EFA3 /* FavouriteEmotesView.swift */,
			);
			path = FavouriteEmotes;
			sourceTree = "<group>";
		};
		E69E3A4E291540180030EFA3 /* Extensions */ = {
			isa = PBXGroup;
			children = (
				E69E3A4F291540310030EFA3 /* Color.swift */,
			);
			path = Extensions;
			sourceTree = "<group>";
		};
		E69E3A512915468F0030EFA3 /* BottomBar */ = {
			isa = PBXGroup;
			children = (
				E69E3A52291546A70030EFA3 /* BottomBarView.swift */,
			);
			path = BottomBar;
			sourceTree = "<group>";
		};
/* End PBXGroup section */

/* Begin PBXNativeTarget section */
		571A788928F340FE0089A0B1 /* Nitroless macOS */ = {
			isa = PBXNativeTarget;
			buildConfigurationList = 571A789628F340FF0089A0B1 /* Build configuration list for PBXNativeTarget "Nitroless macOS" */;
			buildPhases = (
				57774DA728FEDC1400E46F36 /* ShellScript */,
				571A788628F340FE0089A0B1 /* Sources */,
				571A788728F340FE0089A0B1 /* Frameworks */,
				571A788828F340FE0089A0B1 /* Resources */,
				E619D9D028F3BA86006BD8B4 /* CopyFiles */,
			);
			buildRules = (
			);
			dependencies = (
			);
			name = "Nitroless macOS";
			packageProductDependencies = (
				571A78B828F3427D0089A0B1 /* SDWebImageSwiftUI */,
				571A78BA28F3427D0089A0B1 /* SDWebImageWebPCoder */,
				571A78C428F344550089A0B1 /* Introspect */,
				AA67BDB528F7FE7C001A37BF /* AlertToast */,
			);
			productName = "Nitroless macOS";
			productReference = 571A788A28F340FE0089A0B1 /* Nitroless.app */;
			productType = "com.apple.product-type.application";
		};
		5783B54528ECBA9000CFF460 /* Keyboard */ = {
			isa = PBXNativeTarget;
			buildConfigurationList = 5783B54E28ECBA9000CFF460 /* Build configuration list for PBXNativeTarget "Keyboard" */;
			buildPhases = (
				5783B54228ECBA9000CFF460 /* Sources */,
				5783B54328ECBA9000CFF460 /* Frameworks */,
				5783B54428ECBA9000CFF460 /* Resources */,
			);
			buildRules = (
			);
			dependencies = (
			);
			name = Keyboard;
			packageProductDependencies = (
				5783B55328ECD8B300CFF460 /* SDWebImageSwiftUI */,
				571A78C128F3440D0089A0B1 /* SDWebImageWebPCoder */,
			);
			productName = Keyboard;
			productReference = 5783B54628ECBA9000CFF460 /* Keyboard.appex */;
			productType = "com.apple.product-type.app-extension";
		};
		AA9F088F28E58B450098040D /* Nitroless iOS */ = {
			isa = PBXNativeTarget;
			buildConfigurationList = AA9F089E28E58B470098040D /* Build configuration list for PBXNativeTarget "Nitroless iOS" */;
			buildPhases = (
				AA9F088C28E58B450098040D /* Sources */,
				AA9F088D28E58B450098040D /* Frameworks */,
				AA9F088E28E58B450098040D /* Resources */,
				576EB22F28EC8B45005F3D73 /* Embed Foundation Extensions */,
			);
			buildRules = (
			);
			dependencies = (
				5783B54C28ECBA9000CFF460 /* PBXTargetDependency */,
			);
			name = "Nitroless iOS";
			packageProductDependencies = (
				AA9F08A928E5A6360098040D /* SDWebImageSwiftUI */,
				AA6250BB28EB047200C7030E /* SDWebImageWebPCoder */,
				AAD030A128EB155E0040718F /* AlertToast */,
			);
			productName = Nitroless;
			productReference = AA9F089028E58B450098040D /* Nitroless.app */;
			productType = "com.apple.product-type.application";
		};
/* End PBXNativeTarget section */

/* Begin PBXProject section */
		AA9F088828E58B450098040D /* Project object */ = {
			isa = PBXProject;
			attributes = {
				BuildIndependentTargetsInParallel = 1;
				LastSwiftUpdateCheck = 1410;
				LastUpgradeCheck = 1410;
				TargetAttributes = {
					571A788928F340FE0089A0B1 = {
						CreatedOnToolsVersion = 14.1;
					};
					5783B54528ECBA9000CFF460 = {
						CreatedOnToolsVersion = 14.1;
					};
					AA9F088F28E58B450098040D = {
						CreatedOnToolsVersion = 14.1;
					};
				};
			};
			buildConfigurationList = AA9F088B28E58B450098040D /* Build configuration list for PBXProject "Nitroless" */;
			compatibilityVersion = "Xcode 14.0";
			developmentRegion = en;
			hasScannedForEncodings = 0;
			knownRegions = (
				en,
				Base,
			);
			mainGroup = AA9F088728E58B450098040D;
			packageReferences = (
				AA9F08A828E5A6360098040D /* XCRemoteSwiftPackageReference "SDWebImageSwiftUI" */,
				AA6250BA28EB047200C7030E /* XCRemoteSwiftPackageReference "SDWebImageWebPCoder" */,
				AAD030A028EB155D0040718F /* XCRemoteSwiftPackageReference "AlertToast" */,
				571A78C328F344550089A0B1 /* XCRemoteSwiftPackageReference "SwiftUI-Introspect" */,
			);
			productRefGroup = AA9F089128E58B450098040D /* Products */;
			projectDirPath = "";
			projectRoot = "";
			targets = (
				AA9F088F28E58B450098040D /* Nitroless iOS */,
				5783B54528ECBA9000CFF460 /* Keyboard */,
				571A788928F340FE0089A0B1 /* Nitroless macOS */,
			);
		};
/* End PBXProject section */

/* Begin PBXResourcesBuildPhase section */
		571A788828F340FE0089A0B1 /* Resources */ = {
			isa = PBXResourcesBuildPhase;
			buildActionMask = 2147483647;
			files = (
				571A789928F341290089A0B1 /* Assets.xcassets in Resources */,
				571A789428F340FF0089A0B1 /* Main.storyboard in Resources */,
			);
			runOnlyForDeploymentPostprocessing = 0;
		};
		5783B54428ECBA9000CFF460 /* Resources */ = {
			isa = PBXResourcesBuildPhase;
			buildActionMask = 2147483647;
			files = (
				57A34C4A28F2331F00383807 /* Assets.xcassets in Resources */,
				E69E3A30291010B80030EFA3 /* UniSans.otf in Resources */,
			);
			runOnlyForDeploymentPostprocessing = 0;
		};
		AA9F088E28E58B450098040D /* Resources */ = {
			isa = PBXResourcesBuildPhase;
			buildActionMask = 2147483647;
			files = (
				57A34C4928F2331A00383807 /* Assets.xcassets in Resources */,
				E69E3A31291010B90030EFA3 /* UniSans.otf in Resources */,
			);
			runOnlyForDeploymentPostprocessing = 0;
		};
/* End PBXResourcesBuildPhase section */

/* Begin PBXShellScriptBuildPhase section */
		57774DA728FEDC1400E46F36 /* ShellScript */ = {
			isa = PBXShellScriptBuildPhase;
			alwaysOutOfDate = 1;
			buildActionMask = 2147483647;
			files = (
			);
			inputFileListPaths = (
			);
			inputPaths = (
			);
			outputFileListPaths = (
			);
			outputPaths = (
			);
			runOnlyForDeploymentPostprocessing = 0;
			shellPath = /bin/sh;
			shellScript = "
";
		};
/* End PBXShellScriptBuildPhase section */

/* Begin PBXSourcesBuildPhase section */
		571A788628F340FE0089A0B1 /* Sources */ = {
			isa = PBXSourcesBuildPhase;
			buildActionMask = 2147483647;
			files = (
				E6ADBB7D28F4635E00754936 /* AboutView.swift in Sources */,
				571A78B428F341BE0089A0B1 /* Emote.swift in Sources */,
				E619D9D528F3BC36006BD8B4 /* HomeView.swift in Sources */,
				571A78B728F341BE0089A0B1 /* EventMonitor.swift in Sources */,
				571A78B628F341BE0089A0B1 /* SharePicker.swift in Sources */,
				E619D9B828F3572E006BD8B4 /* EmotesView.swift in Sources */,
				571A78AE28F341BE0089A0B1 /* ContentViewModel.swift in Sources */,
				571A78AF28F341BE0089A0B1 /* ContentView.swift in Sources */,
				571A78B228F341BE0089A0B1 /* RepoView.swift in Sources */,
				E6A1D17D28FF0940004DDFD4 /* TriangleShape.swift in Sources */,
				571A78B528F341BE0089A0B1 /* StatusBarController.swift in Sources */,
				E6ADBB7B28F4634700754936 /* HomeChildView.swift in Sources */,
				571A78C728F344EA0089A0B1 /* MainViewController.swift in Sources */,
				E6F1ECED28F5A37D001594B6 /* EmoteView.swift in Sources */,
				E619D9B628F356BE006BD8B4 /* Array.swift in Sources */,
				571A788D28F340FE0089A0B1 /* AppDelegate.swift in Sources */,
				571A78B328F341BE0089A0B1 /* Hovered.swift in Sources */,
			);
			runOnlyForDeploymentPostprocessing = 0;
		};
		5783B54228ECBA9000CFF460 /* Sources */ = {
			isa = PBXSourcesBuildPhase;
			buildActionMask = 2147483647;
			files = (
				AA431D7628EEEBB00066EBC4 /* RepositoryManager.swift in Sources */,
				5783B54928ECBA9000CFF460 /* KeyboardViewController.swift in Sources */,
				5783B55228ECCDDA00CFF460 /* KeyboardView.swift in Sources */,
				E69E3A53291546A70030EFA3 /* BottomBarView.swift in Sources */,
				E69E3A50291540310030EFA3 /* Color.swift in Sources */,
				AA431D7728EEEBB00066EBC4 /* Constants.swift in Sources */,
			);
			runOnlyForDeploymentPostprocessing = 0;
		};
		AA9F088C28E58B450098040D /* Sources */ = {
			isa = PBXSourcesBuildPhase;
			buildActionMask = 2147483647;
			files = (
				E69E3A2829100D800030EFA3 /* HomeView.swift in Sources */,
				5721D6C228F1E5A000148391 /* AddDefaultRepos.swift in Sources */,
				E69E3A452912D05C0030EFA3 /* SidebarItemView.swift in Sources */,
				E69E3A3D291028590030EFA3 /* AboutView.swift in Sources */,
				E69E3A2B29100E060030EFA3 /* Color.swift in Sources */,
				AA9F08A528E58C020098040D /* RepositoryManager.swift in Sources */,
				5721D6C428F1E78D00148391 /* DefaultRepoCell.swift in Sources */,
				AA9F089628E58B450098040D /* ContentView.swift in Sources */,
				E69E3A402910589C0030EFA3 /* SidebarView.swift in Sources */,
				AA9F089428E58B450098040D /* NitrolessApp.swift in Sources */,
				AA9F08A728E58D490098040D /* Constants.swift in Sources */,
				E69E3A4D291457660030EFA3 /* FavouriteEmotesView.swift in Sources */,
				AA9F08AC28E5A8360098040D /* RepoView.swift in Sources */,
				E69E3A3A291028420030EFA3 /* FrequentUsedView.swift in Sources */,
			);
			runOnlyForDeploymentPostprocessing = 0;
		};
/* End PBXSourcesBuildPhase section */

/* Begin PBXTargetDependency section */
		5783B54C28ECBA9000CFF460 /* PBXTargetDependency */ = {
			isa = PBXTargetDependency;
			target = 5783B54528ECBA9000CFF460 /* Keyboard */;
			targetProxy = 5783B54B28ECBA9000CFF460 /* PBXContainerItemProxy */;
		};
/* End PBXTargetDependency section */

/* Begin PBXVariantGroup section */
		571A789228F340FF0089A0B1 /* Main.storyboard */ = {
			isa = PBXVariantGroup;
			children = (
				571A789328F340FF0089A0B1 /* Base */,
			);
			name = Main.storyboard;
			sourceTree = "<group>";
		};
/* End PBXVariantGroup section */

/* Begin XCBuildConfiguration section */
		571A789728F340FF0089A0B1 /* Debug */ = {
			isa = XCBuildConfiguration;
			buildSettings = {
				ASSETCATALOG_COMPILER_APPICON_NAME = AppIcon;
				ASSETCATALOG_COMPILER_GLOBAL_ACCENT_COLOR_NAME = AccentColor;
				CODE_SIGN_ENTITLEMENTS = "Nitroless macOS/Nitroless_macOS.entitlements";
				"CODE_SIGN_IDENTITY[sdk=macosx*]" = "-";
				CODE_SIGN_STYLE = Automatic;
				COMBINE_HIDPI_IMAGES = YES;
				CURRENT_PROJECT_VERSION = 1;
				DEVELOPMENT_TEAM = 566RT33SA2;
				ENABLE_HARDENED_RUNTIME = YES;
				GENERATE_INFOPLIST_FILE = YES;
				INFOPLIST_FILE = "Nitroless-macOS-Info.plist";
				INFOPLIST_KEY_CFBundleDisplayName = Nitroless;
				INFOPLIST_KEY_LSApplicationCategoryType = "public.app-category.social-networking";
				INFOPLIST_KEY_NSHumanReadableCopyright = "";
				INFOPLIST_KEY_NSMainStoryboardFile = Main;
				INFOPLIST_KEY_NSPrincipalClass = NSApplication;
				LD_RUNPATH_SEARCH_PATHS = (
					"$(inherited)",
					"@executable_path/../Frameworks",
				);
				MACOSX_DEPLOYMENT_TARGET = 11.0;
				MARKETING_VERSION = 1.0;
				PRODUCT_BUNDLE_IDENTIFIER = com.llsc12.Nitroless;
				PRODUCT_NAME = Nitroless;
				SDKROOT = macosx;
				SWIFT_EMIT_LOC_STRINGS = YES;
				SWIFT_VERSION = 5.0;
			};
			name = Debug;
		};
		571A789828F340FF0089A0B1 /* Release */ = {
			isa = XCBuildConfiguration;
			buildSettings = {
				ASSETCATALOG_COMPILER_APPICON_NAME = AppIcon;
				ASSETCATALOG_COMPILER_GLOBAL_ACCENT_COLOR_NAME = AccentColor;
				CODE_SIGN_ENTITLEMENTS = "Nitroless macOS/Nitroless_macOS.entitlements";
				"CODE_SIGN_IDENTITY[sdk=macosx*]" = "-";
				CODE_SIGN_STYLE = Automatic;
				COMBINE_HIDPI_IMAGES = YES;
				CURRENT_PROJECT_VERSION = 1;
				DEVELOPMENT_TEAM = 566RT33SA2;
				ENABLE_HARDENED_RUNTIME = YES;
				GENERATE_INFOPLIST_FILE = YES;
				INFOPLIST_FILE = "Nitroless-macOS-Info.plist";
				INFOPLIST_KEY_CFBundleDisplayName = Nitroless;
				INFOPLIST_KEY_LSApplicationCategoryType = "public.app-category.social-networking";
				INFOPLIST_KEY_NSHumanReadableCopyright = "";
				INFOPLIST_KEY_NSMainStoryboardFile = Main;
				INFOPLIST_KEY_NSPrincipalClass = NSApplication;
				LD_RUNPATH_SEARCH_PATHS = (
					"$(inherited)",
					"@executable_path/../Frameworks",
				);
				MACOSX_DEPLOYMENT_TARGET = 11.0;
				MARKETING_VERSION = 1.0;
				PRODUCT_BUNDLE_IDENTIFIER = com.llsc12.Nitroless;
				PRODUCT_NAME = Nitroless;
				SDKROOT = macosx;
				SWIFT_EMIT_LOC_STRINGS = YES;
				SWIFT_VERSION = 5.0;
			};
			name = Release;
		};
		5783B54F28ECBA9000CFF460 /* Debug */ = {
			isa = XCBuildConfiguration;
			buildSettings = {
				CODE_SIGN_ENTITLEMENTS = Keyboard/Keyboard.entitlements;
				CODE_SIGN_STYLE = Automatic;
				CURRENT_PROJECT_VERSION = 1;
				DEVELOPMENT_TEAM = 566RT33SA2;
				GENERATE_INFOPLIST_FILE = YES;
				INFOPLIST_FILE = Keyboard/Info.plist;
				INFOPLIST_KEY_CFBundleDisplayName = Keyboard;
				INFOPLIST_KEY_LSApplicationCategoryType = "";
				INFOPLIST_KEY_NSHumanReadableCopyright = "";
				IPHONEOS_DEPLOYMENT_TARGET = 16.0;
				LD_RUNPATH_SEARCH_PATHS = (
					"$(inherited)",
					"@executable_path/Frameworks",
					"@executable_path/../../Frameworks",
				);
				MARKETING_VERSION = 1.0;
				PRODUCT_BUNDLE_IDENTIFIER = com.llsc12.Nitroless.Keyboard;
				PRODUCT_NAME = "$(TARGET_NAME)";
				SKIP_INSTALL = YES;
				SWIFT_EMIT_LOC_STRINGS = YES;
				SWIFT_VERSION = 5.0;
				TARGETED_DEVICE_FAMILY = "1,2";
			};
			name = Debug;
		};
		5783B55028ECBA9000CFF460 /* Release */ = {
			isa = XCBuildConfiguration;
			buildSettings = {
				CODE_SIGN_ENTITLEMENTS = Keyboard/Keyboard.entitlements;
				CODE_SIGN_STYLE = Automatic;
				CURRENT_PROJECT_VERSION = 1;
				DEVELOPMENT_TEAM = 566RT33SA2;
				GENERATE_INFOPLIST_FILE = YES;
				INFOPLIST_FILE = Keyboard/Info.plist;
				INFOPLIST_KEY_CFBundleDisplayName = Keyboard;
				INFOPLIST_KEY_LSApplicationCategoryType = "";
				INFOPLIST_KEY_NSHumanReadableCopyright = "";
				IPHONEOS_DEPLOYMENT_TARGET = 16.0;
				LD_RUNPATH_SEARCH_PATHS = (
					"$(inherited)",
					"@executable_path/Frameworks",
					"@executable_path/../../Frameworks",
				);
				MARKETING_VERSION = 1.0;
				PRODUCT_BUNDLE_IDENTIFIER = com.llsc12.Nitroless.Keyboard;
				PRODUCT_NAME = "$(TARGET_NAME)";
				SKIP_INSTALL = YES;
				SWIFT_EMIT_LOC_STRINGS = YES;
				SWIFT_VERSION = 5.0;
				TARGETED_DEVICE_FAMILY = "1,2";
			};
			name = Release;
		};
		AA9F089C28E58B470098040D /* Debug */ = {
			isa = XCBuildConfiguration;
			buildSettings = {
				ALWAYS_SEARCH_USER_PATHS = NO;
				CLANG_ANALYZER_NONNULL = YES;
				CLANG_ANALYZER_NUMBER_OBJECT_CONVERSION = YES_AGGRESSIVE;
				CLANG_CXX_LANGUAGE_STANDARD = "gnu++20";
				CLANG_ENABLE_MODULES = YES;
				CLANG_ENABLE_OBJC_ARC = YES;
				CLANG_ENABLE_OBJC_WEAK = YES;
				CLANG_WARN_BLOCK_CAPTURE_AUTORELEASING = YES;
				CLANG_WARN_BOOL_CONVERSION = YES;
				CLANG_WARN_COMMA = YES;
				CLANG_WARN_CONSTANT_CONVERSION = YES;
				CLANG_WARN_DEPRECATED_OBJC_IMPLEMENTATIONS = YES;
				CLANG_WARN_DIRECT_OBJC_ISA_USAGE = YES_ERROR;
				CLANG_WARN_DOCUMENTATION_COMMENTS = YES;
				CLANG_WARN_EMPTY_BODY = YES;
				CLANG_WARN_ENUM_CONVERSION = YES;
				CLANG_WARN_INFINITE_RECURSION = YES;
				CLANG_WARN_INT_CONVERSION = YES;
				CLANG_WARN_NON_LITERAL_NULL_CONVERSION = YES;
				CLANG_WARN_OBJC_IMPLICIT_RETAIN_SELF = YES;
				CLANG_WARN_OBJC_LITERAL_CONVERSION = YES;
				CLANG_WARN_OBJC_ROOT_CLASS = YES_ERROR;
				CLANG_WARN_QUOTED_INCLUDE_IN_FRAMEWORK_HEADER = YES;
				CLANG_WARN_RANGE_LOOP_ANALYSIS = YES;
				CLANG_WARN_STRICT_PROTOTYPES = YES;
				CLANG_WARN_SUSPICIOUS_MOVE = YES;
				CLANG_WARN_UNGUARDED_AVAILABILITY = YES_AGGRESSIVE;
				CLANG_WARN_UNREACHABLE_CODE = YES;
				CLANG_WARN__DUPLICATE_METHOD_MATCH = YES;
				COPY_PHASE_STRIP = NO;
				DEBUG_INFORMATION_FORMAT = dwarf;
				ENABLE_STRICT_OBJC_MSGSEND = YES;
				ENABLE_TESTABILITY = YES;
				GCC_C_LANGUAGE_STANDARD = gnu11;
				GCC_DYNAMIC_NO_PIC = NO;
				GCC_NO_COMMON_BLOCKS = YES;
				GCC_OPTIMIZATION_LEVEL = 0;
				GCC_PREPROCESSOR_DEFINITIONS = (
					"DEBUG=1",
					"$(inherited)",
				);
				GCC_WARN_64_TO_32_BIT_CONVERSION = YES;
				GCC_WARN_ABOUT_RETURN_TYPE = YES_ERROR;
				GCC_WARN_UNDECLARED_SELECTOR = YES;
				GCC_WARN_UNINITIALIZED_AUTOS = YES_AGGRESSIVE;
				GCC_WARN_UNUSED_FUNCTION = YES;
				GCC_WARN_UNUSED_VARIABLE = YES;
				IPHONEOS_DEPLOYMENT_TARGET = 16.1;
				MTL_ENABLE_DEBUG_INFO = INCLUDE_SOURCE;
				MTL_FAST_MATH = YES;
				ONLY_ACTIVE_ARCH = YES;
				SDKROOT = iphoneos;
				SWIFT_ACTIVE_COMPILATION_CONDITIONS = DEBUG;
				SWIFT_OPTIMIZATION_LEVEL = "-Onone";
			};
			name = Debug;
		};
		AA9F089D28E58B470098040D /* Release */ = {
			isa = XCBuildConfiguration;
			buildSettings = {
				ALWAYS_SEARCH_USER_PATHS = NO;
				CLANG_ANALYZER_NONNULL = YES;
				CLANG_ANALYZER_NUMBER_OBJECT_CONVERSION = YES_AGGRESSIVE;
				CLANG_CXX_LANGUAGE_STANDARD = "gnu++20";
				CLANG_ENABLE_MODULES = YES;
				CLANG_ENABLE_OBJC_ARC = YES;
				CLANG_ENABLE_OBJC_WEAK = YES;
				CLANG_WARN_BLOCK_CAPTURE_AUTORELEASING = YES;
				CLANG_WARN_BOOL_CONVERSION = YES;
				CLANG_WARN_COMMA = YES;
				CLANG_WARN_CONSTANT_CONVERSION = YES;
				CLANG_WARN_DEPRECATED_OBJC_IMPLEMENTATIONS = YES;
				CLANG_WARN_DIRECT_OBJC_ISA_USAGE = YES_ERROR;
				CLANG_WARN_DOCUMENTATION_COMMENTS = YES;
				CLANG_WARN_EMPTY_BODY = YES;
				CLANG_WARN_ENUM_CONVERSION = YES;
				CLANG_WARN_INFINITE_RECURSION = YES;
				CLANG_WARN_INT_CONVERSION = YES;
				CLANG_WARN_NON_LITERAL_NULL_CONVERSION = YES;
				CLANG_WARN_OBJC_IMPLICIT_RETAIN_SELF = YES;
				CLANG_WARN_OBJC_LITERAL_CONVERSION = YES;
				CLANG_WARN_OBJC_ROOT_CLASS = YES_ERROR;
				CLANG_WARN_QUOTED_INCLUDE_IN_FRAMEWORK_HEADER = YES;
				CLANG_WARN_RANGE_LOOP_ANALYSIS = YES;
				CLANG_WARN_STRICT_PROTOTYPES = YES;
				CLANG_WARN_SUSPICIOUS_MOVE = YES;
				CLANG_WARN_UNGUARDED_AVAILABILITY = YES_AGGRESSIVE;
				CLANG_WARN_UNREACHABLE_CODE = YES;
				CLANG_WARN__DUPLICATE_METHOD_MATCH = YES;
				COPY_PHASE_STRIP = NO;
				DEBUG_INFORMATION_FORMAT = "dwarf-with-dsym";
				ENABLE_NS_ASSERTIONS = NO;
				ENABLE_STRICT_OBJC_MSGSEND = YES;
				GCC_C_LANGUAGE_STANDARD = gnu11;
				GCC_NO_COMMON_BLOCKS = YES;
				GCC_WARN_64_TO_32_BIT_CONVERSION = YES;
				GCC_WARN_ABOUT_RETURN_TYPE = YES_ERROR;
				GCC_WARN_UNDECLARED_SELECTOR = YES;
				GCC_WARN_UNINITIALIZED_AUTOS = YES_AGGRESSIVE;
				GCC_WARN_UNUSED_FUNCTION = YES;
				GCC_WARN_UNUSED_VARIABLE = YES;
				IPHONEOS_DEPLOYMENT_TARGET = 16.1;
				MTL_ENABLE_DEBUG_INFO = NO;
				MTL_FAST_MATH = YES;
				SDKROOT = iphoneos;
				SWIFT_COMPILATION_MODE = wholemodule;
				SWIFT_OPTIMIZATION_LEVEL = "-O";
				VALIDATE_PRODUCT = YES;
			};
			name = Release;
		};
		AA9F089F28E58B470098040D /* Debug */ = {
			isa = XCBuildConfiguration;
			buildSettings = {
				ALWAYS_EMBED_SWIFT_STANDARD_LIBRARIES = YES;
				ASSETCATALOG_COMPILER_APPICON_NAME = AppIcon;
				ASSETCATALOG_COMPILER_GLOBAL_ACCENT_COLOR_NAME = AccentColor;
				CODE_SIGN_ENTITLEMENTS = "Nitroless iOS/Nitroless.entitlements";
				CODE_SIGN_STYLE = Automatic;
				CURRENT_PROJECT_VERSION = 1;
				DEVELOPMENT_TEAM = 566RT33SA2;
				ENABLE_PREVIEWS = YES;
				GENERATE_INFOPLIST_FILE = YES;
				INFOPLIST_FILE = "Nitroless iOS/Info.plist";
				INFOPLIST_KEY_CFBundleDisplayName = Nitroless;
				INFOPLIST_KEY_UIApplicationSceneManifest_Generation = YES;
				INFOPLIST_KEY_UIApplicationSupportsIndirectInputEvents = YES;
				INFOPLIST_KEY_UILaunchScreen_Generation = YES;
				INFOPLIST_KEY_UISupportedInterfaceOrientations = UIInterfaceOrientationPortrait;
				INFOPLIST_KEY_UISupportedInterfaceOrientations_iPad = "UIInterfaceOrientationLandscapeLeft UIInterfaceOrientationLandscapeRight UIInterfaceOrientationPortrait UIInterfaceOrientationPortraitUpsideDown";
				IPHONEOS_DEPLOYMENT_TARGET = 16.0;
				LD_RUNPATH_SEARCH_PATHS = (
					"$(inherited)",
					"@executable_path/Frameworks",
				);
				MARKETING_VERSION = 1.0;
				PRODUCT_BUNDLE_IDENTIFIER = com.llsc12.Nitroless;
				PRODUCT_NAME = Nitroless;
				SWIFT_EMIT_LOC_STRINGS = YES;
				SWIFT_VERSION = 5.0;
				TARGETED_DEVICE_FAMILY = "1,2";
			};
			name = Debug;
		};
		AA9F08A028E58B470098040D /* Release */ = {
			isa = XCBuildConfiguration;
			buildSettings = {
				ALWAYS_EMBED_SWIFT_STANDARD_LIBRARIES = YES;
				ASSETCATALOG_COMPILER_APPICON_NAME = AppIcon;
				ASSETCATALOG_COMPILER_GLOBAL_ACCENT_COLOR_NAME = AccentColor;
				CODE_SIGN_ENTITLEMENTS = "Nitroless iOS/Nitroless.entitlements";
				CODE_SIGN_STYLE = Automatic;
				CURRENT_PROJECT_VERSION = 1;
				DEVELOPMENT_TEAM = 566RT33SA2;
				ENABLE_PREVIEWS = YES;
				GENERATE_INFOPLIST_FILE = YES;
				INFOPLIST_FILE = "Nitroless iOS/Info.plist";
				INFOPLIST_KEY_CFBundleDisplayName = Nitroless;
				INFOPLIST_KEY_UIApplicationSceneManifest_Generation = YES;
				INFOPLIST_KEY_UIApplicationSupportsIndirectInputEvents = YES;
				INFOPLIST_KEY_UILaunchScreen_Generation = YES;
				INFOPLIST_KEY_UISupportedInterfaceOrientations = UIInterfaceOrientationPortrait;
				INFOPLIST_KEY_UISupportedInterfaceOrientations_iPad = "UIInterfaceOrientationLandscapeLeft UIInterfaceOrientationLandscapeRight UIInterfaceOrientationPortrait UIInterfaceOrientationPortraitUpsideDown";
				IPHONEOS_DEPLOYMENT_TARGET = 16.0;
				LD_RUNPATH_SEARCH_PATHS = (
					"$(inherited)",
					"@executable_path/Frameworks",
				);
				MARKETING_VERSION = 1.0;
				PRODUCT_BUNDLE_IDENTIFIER = com.llsc12.Nitroless;
				PRODUCT_NAME = Nitroless;
				SWIFT_EMIT_LOC_STRINGS = YES;
				SWIFT_VERSION = 5.0;
				TARGETED_DEVICE_FAMILY = "1,2";
			};
			name = Release;
		};
/* End XCBuildConfiguration section */

/* Begin XCConfigurationList section */
		571A789628F340FF0089A0B1 /* Build configuration list for PBXNativeTarget "Nitroless macOS" */ = {
			isa = XCConfigurationList;
			buildConfigurations = (
				571A789728F340FF0089A0B1 /* Debug */,
				571A789828F340FF0089A0B1 /* Release */,
			);
			defaultConfigurationIsVisible = 0;
			defaultConfigurationName = Release;
		};
		5783B54E28ECBA9000CFF460 /* Build configuration list for PBXNativeTarget "Keyboard" */ = {
			isa = XCConfigurationList;
			buildConfigurations = (
				5783B54F28ECBA9000CFF460 /* Debug */,
				5783B55028ECBA9000CFF460 /* Release */,
			);
			defaultConfigurationIsVisible = 0;
			defaultConfigurationName = Release;
		};
		AA9F088B28E58B450098040D /* Build configuration list for PBXProject "Nitroless" */ = {
			isa = XCConfigurationList;
			buildConfigurations = (
				AA9F089C28E58B470098040D /* Debug */,
				AA9F089D28E58B470098040D /* Release */,
			);
			defaultConfigurationIsVisible = 0;
			defaultConfigurationName = Release;
		};
		AA9F089E28E58B470098040D /* Build configuration list for PBXNativeTarget "Nitroless iOS" */ = {
			isa = XCConfigurationList;
			buildConfigurations = (
				AA9F089F28E58B470098040D /* Debug */,
				AA9F08A028E58B470098040D /* Release */,
			);
			defaultConfigurationIsVisible = 0;
			defaultConfigurationName = Release;
		};
/* End XCConfigurationList section */

/* Begin XCRemoteSwiftPackageReference section */
		571A78C328F344550089A0B1 /* XCRemoteSwiftPackageReference "SwiftUI-Introspect" */ = {
			isa = XCRemoteSwiftPackageReference;
			repositoryURL = "https://github.com/siteline/SwiftUI-Introspect";
			requirement = {
				kind = upToNextMajorVersion;
				minimumVersion = 0.1.4;
			};
		};
		AA6250BA28EB047200C7030E /* XCRemoteSwiftPackageReference "SDWebImageWebPCoder" */ = {
			isa = XCRemoteSwiftPackageReference;
			repositoryURL = "https://github.com/SDWebImage/SDWebImageWebPCoder";
			requirement = {
				kind = upToNextMajorVersion;
				minimumVersion = 0.9.1;
			};
		};
		AA9F08A828E5A6360098040D /* XCRemoteSwiftPackageReference "SDWebImageSwiftUI" */ = {
			isa = XCRemoteSwiftPackageReference;
			repositoryURL = "https://github.com/SDWebImage/SDWebImageSwiftUI";
			requirement = {
				branch = master;
				kind = branch;
			};
		};
		AAD030A028EB155D0040718F /* XCRemoteSwiftPackageReference "AlertToast" */ = {
			isa = XCRemoteSwiftPackageReference;
			repositoryURL = "https://github.com/elai950/AlertToast";
			requirement = {
				kind = upToNextMajorVersion;
				minimumVersion = 1.0.0;
			};
		};
/* End XCRemoteSwiftPackageReference section */

/* Begin XCSwiftPackageProductDependency section */
		571A78B828F3427D0089A0B1 /* SDWebImageSwiftUI */ = {
			isa = XCSwiftPackageProductDependency;
			package = AA9F08A828E5A6360098040D /* XCRemoteSwiftPackageReference "SDWebImageSwiftUI" */;
			productName = SDWebImageSwiftUI;
		};
		571A78BA28F3427D0089A0B1 /* SDWebImageWebPCoder */ = {
			isa = XCSwiftPackageProductDependency;
			package = AA6250BA28EB047200C7030E /* XCRemoteSwiftPackageReference "SDWebImageWebPCoder" */;
			productName = SDWebImageWebPCoder;
		};
		571A78C128F3440D0089A0B1 /* SDWebImageWebPCoder */ = {
			isa = XCSwiftPackageProductDependency;
			package = AA6250BA28EB047200C7030E /* XCRemoteSwiftPackageReference "SDWebImageWebPCoder" */;
			productName = SDWebImageWebPCoder;
		};
		571A78C428F344550089A0B1 /* Introspect */ = {
			isa = XCSwiftPackageProductDependency;
			package = 571A78C328F344550089A0B1 /* XCRemoteSwiftPackageReference "SwiftUI-Introspect" */;
			productName = Introspect;
		};
		5783B55328ECD8B300CFF460 /* SDWebImageSwiftUI */ = {
			isa = XCSwiftPackageProductDependency;
			package = AA9F08A828E5A6360098040D /* XCRemoteSwiftPackageReference "SDWebImageSwiftUI" */;
			productName = SDWebImageSwiftUI;
		};
		AA6250BB28EB047200C7030E /* SDWebImageWebPCoder */ = {
			isa = XCSwiftPackageProductDependency;
			package = AA6250BA28EB047200C7030E /* XCRemoteSwiftPackageReference "SDWebImageWebPCoder" */;
			productName = SDWebImageWebPCoder;
		};
		AA67BDB528F7FE7C001A37BF /* AlertToast */ = {
			isa = XCSwiftPackageProductDependency;
			package = AAD030A028EB155D0040718F /* XCRemoteSwiftPackageReference "AlertToast" */;
			productName = AlertToast;
		};
		AA9F08A928E5A6360098040D /* SDWebImageSwiftUI */ = {
			isa = XCSwiftPackageProductDependency;
			package = AA9F08A828E5A6360098040D /* XCRemoteSwiftPackageReference "SDWebImageSwiftUI" */;
			productName = SDWebImageSwiftUI;
		};
		AAD030A128EB155E0040718F /* AlertToast */ = {
			isa = XCSwiftPackageProductDependency;
			package = AAD030A028EB155D0040718F /* XCRemoteSwiftPackageReference "AlertToast" */;
			productName = AlertToast;
		};
/* End XCSwiftPackageProductDependency section */
	};
	rootObject = AA9F088828E58B450098040D /* Project object */;
}
